// !$*UTF8*$!
{
	archiveVersion = 1;
	classes = {
	};
	objectVersion = 56;
	objects = {

/* Begin PBXBuildFile section */
		5401223A6C09FE00ED20079A /* Pods_Onboarding.framework in Frameworks */ = {isa = PBXBuildFile; fileRef = 434D98263423A4D93E20DA26 /* Pods_Onboarding.framework */; };
		564DD8A919F802DF2A931F87 /* Pods_Spendora.framework in Frameworks */ = {isa = PBXBuildFile; fileRef = FACCE2DBEA924F3F8F6B467E /* Pods_Spendora.framework */; };
		650231B129E7F45600C13139 /* listExpense.json in Resources */ = {isa = PBXBuildFile; fileRef = 650231B029E7F45600C13139 /* listExpense.json */; };
		650231C729E834F300C13139 /* splitExpense.json in Resources */ = {isa = PBXBuildFile; fileRef = 650231C629E834F200C13139 /* splitExpense.json */; };
		650231C929E835E700C13139 /* analyzeExpense.json in Resources */ = {isa = PBXBuildFile; fileRef = 650231C829E835E600C13139 /* analyzeExpense.json */; };
		650B9B3929E9DAD200D144A9 /* RxCocoa.xcframework in Frameworks */ = {isa = PBXBuildFile; fileRef = 650B9B3629E9DAD200D144A9 /* RxCocoa.xcframework */; };
		650B9B3A29E9DAD200D144A9 /* RxRelay.xcframework in Frameworks */ = {isa = PBXBuildFile; fileRef = 650B9B3729E9DAD200D144A9 /* RxRelay.xcframework */; };
		650B9B3B29E9DAD200D144A9 /* RxSwift.xcframework in Frameworks */ = {isa = PBXBuildFile; fileRef = 650B9B3829E9DAD200D144A9 /* RxSwift.xcframework */; };
		650B9B3E29EA8C2000D144A9 /* TncPrivacyBuilder.swift in Sources */ = {isa = PBXBuildFile; fileRef = 650B9B3C29EA8BEF00D144A9 /* TncPrivacyBuilder.swift */; };
		650B9B4729EAA8FF00D144A9 /* SpendoraTest.swift in Sources */ = {isa = PBXBuildFile; fileRef = 650B9B4629EAA8FF00D144A9 /* SpendoraTest.swift */; };
		650D735729F533F8004B0E26 /* LocationManager.swift in Sources */ = {isa = PBXBuildFile; fileRef = 650D735629F533F8004B0E26 /* LocationManager.swift */; };
		650D735A29F556C6004B0E26 /* CountryPickerInteractor.swift in Sources */ = {isa = PBXBuildFile; fileRef = 650D735829F556C2004B0E26 /* CountryPickerInteractor.swift */; };
		650D735C29F560D8004B0E26 /* CountryPickerRouter.swift in Sources */ = {isa = PBXBuildFile; fileRef = 650D735B29F560D8004B0E26 /* CountryPickerRouter.swift */; };
		6525F7A229EDC1C2000768AC /* Authentication.h in Headers */ = {isa = PBXBuildFile; fileRef = 6525F7A129EDC1C2000768AC /* Authentication.h */; settings = {ATTRIBUTES = (Public, ); }; };
		6525F7AA29EDC6F4000768AC /* AuthViewController.swift in Sources */ = {isa = PBXBuildFile; fileRef = 6525F7A829EDC6F4000768AC /* AuthViewController.swift */; };
		6525F7AB29EDC6F4000768AC /* AuthViewController.xib in Resources */ = {isa = PBXBuildFile; fileRef = 6525F7A929EDC6F4000768AC /* AuthViewController.xib */; };
		6525F7AD29EDC70C000768AC /* AuthBuilder.swift in Sources */ = {isa = PBXBuildFile; fileRef = 6525F7AC29EDC70C000768AC /* AuthBuilder.swift */; };
		6525F7AF29EDC71B000768AC /* AuthPresenter.swift in Sources */ = {isa = PBXBuildFile; fileRef = 6525F7AE29EDC71B000768AC /* AuthPresenter.swift */; };
		6525F7B229EDC729000768AC /* AuthRouter.swift in Sources */ = {isa = PBXBuildFile; fileRef = 6525F7B029EDC725000768AC /* AuthRouter.swift */; };
		6525F7BB29EDEE9B000768AC /* UIColorExtension.swift in Sources */ = {isa = PBXBuildFile; fileRef = 6525F7BA29EDEE9B000768AC /* UIColorExtension.swift */; };
		65321D2629E9950300BA3E93 /* SpendoraAssembler.swift in Sources */ = {isa = PBXBuildFile; fileRef = 65321D2529E9950300BA3E93 /* SpendoraAssembler.swift */; };
		65321D2F29E995B100BA3E93 /* Onboarding.h in Headers */ = {isa = PBXBuildFile; fileRef = 65321D2E29E995B100BA3E93 /* Onboarding.h */; settings = {ATTRIBUTES = (Public, ); }; };
		65321D4329E9965D00BA3E93 /* Utilities.h in Headers */ = {isa = PBXBuildFile; fileRef = 65321D4229E9965D00BA3E93 /* Utilities.h */; settings = {ATTRIBUTES = (Public, ); }; };
		65321D5329E9986E00BA3E93 /* UIViewExtension.swift in Sources */ = {isa = PBXBuildFile; fileRef = 650231C429E8171C00C13139 /* UIViewExtension.swift */; };
		65321D5529E998E500BA3E93 /* StringExtension.swift in Sources */ = {isa = PBXBuildFile; fileRef = 6562EF9A29E7E12800D6E1D5 /* StringExtension.swift */; };
		65321D5829E9992800BA3E93 /* LottieView.swift in Sources */ = {isa = PBXBuildFile; fileRef = 65321D5729E9992800BA3E93 /* LottieView.swift */; };
		65321D5B29E9999F00BA3E93 /* Lottie in Frameworks */ = {isa = PBXBuildFile; productRef = 65321D5A29E9999F00BA3E93 /* Lottie */; };
		65321D5C29E999FE00BA3E93 /* Constants.swift in Sources */ = {isa = PBXBuildFile; fileRef = 6562EF9529E7D96C00D6E1D5 /* Constants.swift */; };
		65321D6829E99AD100BA3E93 /* FeatureCardView.swift in Sources */ = {isa = PBXBuildFile; fileRef = 650231B829E80E3300C13139 /* FeatureCardView.swift */; };
		65321D6929E99AD100BA3E93 /* FeatureCardView.xib in Resources */ = {isa = PBXBuildFile; fileRef = 650231BA29E80E3F00C13139 /* FeatureCardView.xib */; };
		65321D6A29E99AD100BA3E93 /* FeaturesViewController.swift in Sources */ = {isa = PBXBuildFile; fileRef = 650231C029E814F900C13139 /* FeaturesViewController.swift */; };
		65321D6B29E99AD100BA3E93 /* OnboardingViewController.xib in Resources */ = {isa = PBXBuildFile; fileRef = 6557311A29E45C34008BEA22 /* OnboardingViewController.xib */; };
		65321D6C29E99AD100BA3E93 /* TncPrivacyViewController.swift in Sources */ = {isa = PBXBuildFile; fileRef = 6557312A29E49673008BEA22 /* TncPrivacyViewController.swift */; };
		65321D6D29E99AD100BA3E93 /* FeaturesViewController.xib in Resources */ = {isa = PBXBuildFile; fileRef = 650231C129E814F900C13139 /* FeaturesViewController.xib */; };
		65321D6E29E99AD100BA3E93 /* Module.swift in Sources */ = {isa = PBXBuildFile; fileRef = 6557312829E49133008BEA22 /* Module.swift */; };
		65321D6F29E99AD100BA3E93 /* OnboardingViewController.swift in Sources */ = {isa = PBXBuildFile; fileRef = 6557311929E45C34008BEA22 /* OnboardingViewController.swift */; };
		65321D7029E99AD100BA3E93 /* TncPrivacyViewController.xib in Resources */ = {isa = PBXBuildFile; fileRef = 6557312B29E49673008BEA22 /* TncPrivacyViewController.xib */; };
		65321D7129E99AD100BA3E93 /* FeatureModel.swift in Sources */ = {isa = PBXBuildFile; fileRef = 650231B229E7F62D00C13139 /* FeatureModel.swift */; };
		65321D7329E99BAE00BA3E93 /* UIViewControllerExtension.swift in Sources */ = {isa = PBXBuildFile; fileRef = 65321D7229E99BAE00BA3E93 /* UIViewControllerExtension.swift */; };
		65321D7429E99CB000BA3E93 /* Localizable.strings in Resources */ = {isa = PBXBuildFile; fileRef = 6557312629E47320008BEA22 /* Localizable.strings */; };
		65321D7529E99CB100BA3E93 /* Localizable.strings in Resources */ = {isa = PBXBuildFile; fileRef = 6557312629E47320008BEA22 /* Localizable.strings */; };
		65321D7D29E99EAD00BA3E93 /* OnboardingBuilder.swift in Sources */ = {isa = PBXBuildFile; fileRef = 65321D7B29E99E6200BA3E93 /* OnboardingBuilder.swift */; };
		65321D7F29E99F9700BA3E93 /* FeaturesBuilder.swift in Sources */ = {isa = PBXBuildFile; fileRef = 65321D7E29E99F9700BA3E93 /* FeaturesBuilder.swift */; };
		65321D8129E9A02000BA3E93 /* OnboardingPresenter.swift in Sources */ = {isa = PBXBuildFile; fileRef = 65321D8029E9A02000BA3E93 /* OnboardingPresenter.swift */; };
		65321D8329E9A02A00BA3E93 /* OnboardingRouter.swift in Sources */ = {isa = PBXBuildFile; fileRef = 65321D8229E9A02A00BA3E93 /* OnboardingRouter.swift */; };
		6546E0AE29F071B200C89F18 /* UIButtonExtension.swift in Sources */ = {isa = PBXBuildFile; fileRef = 6546E0AD29F071B200C89F18 /* UIButtonExtension.swift */; };
		6546E0B029F1115B00C89F18 /* country_dial_info.json in Resources */ = {isa = PBXBuildFile; fileRef = 6546E0AF29F1115B00C89F18 /* country_dial_info.json */; };
		6546E0C029F2930400C89F18 /* AuthButton.swift in Sources */ = {isa = PBXBuildFile; fileRef = 6546E0BF29F2930400C89F18 /* AuthButton.swift */; };
		6546E0C129F2931D00C89F18 /* CountryModel.swift in Sources */ = {isa = PBXBuildFile; fileRef = 6546E0B429F13A3700C89F18 /* CountryModel.swift */; };
		6546E0C329F2933900C89F18 /* CustomButton.swift in Sources */ = {isa = PBXBuildFile; fileRef = 6546E0B129F13A1000C89F18 /* CustomButton.swift */; };
		6546E0C429F2933900C89F18 /* CountryPickerViewController.swift in Sources */ = {isa = PBXBuildFile; fileRef = 6546E0B729F1491E00C89F18 /* CountryPickerViewController.swift */; };
		6546E0C529F2933900C89F18 /* AuthButtonView.swift in Sources */ = {isa = PBXBuildFile; fileRef = 6546E0A429F041DB00C89F18 /* AuthButtonView.swift */; };
		6557310229E4581D008BEA22 /* AppDelegate.swift in Sources */ = {isa = PBXBuildFile; fileRef = 6557310129E4581D008BEA22 /* AppDelegate.swift */; };
		6557310C29E4581D008BEA22 /* Spendora.xcdatamodeld in Sources */ = {isa = PBXBuildFile; fileRef = 6557310A29E4581D008BEA22 /* Spendora.xcdatamodeld */; };
		6557310E29E45822008BEA22 /* Assets.xcassets in Resources */ = {isa = PBXBuildFile; fileRef = 6557310D29E45822008BEA22 /* Assets.xcassets */; };
		6557311129E45822008BEA22 /* LaunchScreen.storyboard in Resources */ = {isa = PBXBuildFile; fileRef = 6557310F29E45822008BEA22 /* LaunchScreen.storyboard */; };
		6557312529E460D9008BEA22 /* finance.json in Resources */ = {isa = PBXBuildFile; fileRef = 6557312429E460D9008BEA22 /* finance.json */; };
		6557312729E47320008BEA22 /* Localizable.strings in Resources */ = {isa = PBXBuildFile; fileRef = 6557312629E47320008BEA22 /* Localizable.strings */; };
		655974E629EC410700C5DE75 /* FeaturesPresenter.swift in Sources */ = {isa = PBXBuildFile; fileRef = 655974E529EC410700C5DE75 /* FeaturesPresenter.swift */; };
		655974E829EC411400C5DE75 /* FeaturesRouter.swift in Sources */ = {isa = PBXBuildFile; fileRef = 655974E729EC411400C5DE75 /* FeaturesRouter.swift */; };
		655A933629ED8BF7007A201C /* FeatureCardBuilder.swift in Sources */ = {isa = PBXBuildFile; fileRef = 655A933529ED8BF6007A201C /* FeatureCardBuilder.swift */; };
		655A933929EDA28B007A201C /* MainCoordinator.swift in Sources */ = {isa = PBXBuildFile; fileRef = 655A933729ED9935007A201C /* MainCoordinator.swift */; };
		6578B2132A02B25100F81012 /* Authentication.framework in Frameworks */ = {isa = PBXBuildFile; fileRef = 6525F79F29EDC1C2000768AC /* Authentication.framework */; };
		6578B2142A02B25200F81012 /* Onboarding.framework in Frameworks */ = {isa = PBXBuildFile; fileRef = 65321D2C29E995B000BA3E93 /* Onboarding.framework */; };
		6578B2152A02B25200F81012 /* Utilities.framework in Frameworks */ = {isa = PBXBuildFile; fileRef = 65321D4029E9965D00BA3E93 /* Utilities.framework */; };
		6578B2182A02B43E00F81012 /* Onboarding.framework in CopyFiles */ = {isa = PBXBuildFile; fileRef = 65321D2C29E995B000BA3E93 /* Onboarding.framework */; settings = {ATTRIBUTES = (CodeSignOnCopy, RemoveHeadersOnCopy, ); }; };
		6578B2192A02B43F00F81012 /* Utilities.framework in CopyFiles */ = {isa = PBXBuildFile; fileRef = 65321D4029E9965D00BA3E93 /* Utilities.framework */; settings = {ATTRIBUTES = (CodeSignOnCopy, RemoveHeadersOnCopy, ); }; };
		6578B21A2A02B43F00F81012 /* Authentication.framework in CopyFiles */ = {isa = PBXBuildFile; fileRef = 6525F79F29EDC1C2000768AC /* Authentication.framework */; settings = {ATTRIBUTES = (CodeSignOnCopy, RemoveHeadersOnCopy, ); }; };
		6578B21F2A02B5E000F81012 /* RxCocoa.xcframework in CopyFiles */ = {isa = PBXBuildFile; fileRef = 650B9B3629E9DAD200D144A9 /* RxCocoa.xcframework */; settings = {ATTRIBUTES = (CodeSignOnCopy, RemoveHeadersOnCopy, ); }; };
		6578B2202A02B5E000F81012 /* RxRelay.xcframework in CopyFiles */ = {isa = PBXBuildFile; fileRef = 650B9B3729E9DAD200D144A9 /* RxRelay.xcframework */; settings = {ATTRIBUTES = (CodeSignOnCopy, RemoveHeadersOnCopy, ); }; };
		6578B2212A02B5E000F81012 /* RxSwift.xcframework in CopyFiles */ = {isa = PBXBuildFile; fileRef = 650B9B3829E9DAD200D144A9 /* RxSwift.xcframework */; settings = {ATTRIBUTES = (CodeSignOnCopy, RemoveHeadersOnCopy, ); }; };
		6578B2232A02B64B00F81012 /* Lottie in Frameworks */ = {isa = PBXBuildFile; productRef = 6578B2222A02B64B00F81012 /* Lottie */; };
		657DA27129FCEFAC00C72CDF /* GoogleService-Info.plist in Resources */ = {isa = PBXBuildFile; fileRef = 657DA27029FCEFAB00C72CDF /* GoogleService-Info.plist */; };
		657DA27529FCF7C900C72CDF /* AuthManager.swift in Sources */ = {isa = PBXBuildFile; fileRef = 657DA27429FCF7C900C72CDF /* AuthManager.swift */; };
		657DA27929FD44EA00C72CDF /* OTPViewController.swift in Sources */ = {isa = PBXBuildFile; fileRef = 657DA27729FD44EA00C72CDF /* OTPViewController.swift */; };
		657DA27A29FD44EA00C72CDF /* OTPViewController.xib in Resources */ = {isa = PBXBuildFile; fileRef = 657DA27829FD44EA00C72CDF /* OTPViewController.xib */; };
		65AC2D6629F2B9D3002C6C20 /* AuthButtonView.xib in Resources */ = {isa = PBXBuildFile; fileRef = 6546E0A929F0421B00C89F18 /* AuthButtonView.xib */; };
		65AC2D6729F2B9E1002C6C20 /* CountryPickerViewController.xib in Resources */ = {isa = PBXBuildFile; fileRef = 6546E0B829F1491E00C89F18 /* CountryPickerViewController.xib */; };
		65AC2D6C29F2D5A9002C6C20 /* APIManager.swift in Sources */ = {isa = PBXBuildFile; fileRef = 65AC2D6B29F2D5A9002C6C20 /* APIManager.swift */; };
		65AC2D6E29F2DC00002C6C20 /* CountryPickerBuilder.swift in Sources */ = {isa = PBXBuildFile; fileRef = 65AC2D6D29F2DC00002C6C20 /* CountryPickerBuilder.swift */; };
		65AC2D7029F2DC10002C6C20 /* CountryPickerPresenter.swift in Sources */ = {isa = PBXBuildFile; fileRef = 65AC2D6F29F2DC10002C6C20 /* CountryPickerPresenter.swift */; };
		65AC2D7529F2E43B002C6C20 /* CountryTableViewCell.swift in Sources */ = {isa = PBXBuildFile; fileRef = 65AC2D7329F2E43B002C6C20 /* CountryTableViewCell.swift */; };
		65AC2D7629F2E43B002C6C20 /* CountryTableViewCell.xib in Resources */ = {isa = PBXBuildFile; fileRef = 65AC2D7429F2E43B002C6C20 /* CountryTableViewCell.xib */; };
		65F1A7B029F5C2CC0024F82F /* NoDataView.swift in Sources */ = {isa = PBXBuildFile; fileRef = 65F1A7AF29F5C2CC0024F82F /* NoDataView.swift */; };
		65F1A7B229F5C2DD0024F82F /* NoDataView.xib in Resources */ = {isa = PBXBuildFile; fileRef = 65F1A7B129F5C2DC0024F82F /* NoDataView.xib */; };
		65F1A7B429F5C44A0024F82F /* NoDataViewBuilder.swift in Sources */ = {isa = PBXBuildFile; fileRef = 65F1A7B329F5C44A0024F82F /* NoDataViewBuilder.swift */; };
		6DDCBE3C1371E10BC486899F /* Pods_Utilities.framework in Frameworks */ = {isa = PBXBuildFile; fileRef = BF295A80A0870D2939AE592A /* Pods_Utilities.framework */; };
/* End PBXBuildFile section */

/* Begin PBXContainerItemProxy section */
		650B9B4B29EAA96000D144A9 /* PBXContainerItemProxy */ = {
			isa = PBXContainerItemProxy;
			containerPortal = 655730F629E4581D008BEA22 /* Project object */;
			proxyType = 1;
			remoteGlobalIDString = 655730FD29E4581D008BEA22;
			remoteInfo = Spendora;
		};
		6525F7B829EDEBA7000768AC /* PBXContainerItemProxy */ = {
			isa = PBXContainerItemProxy;
			containerPortal = 655730F629E4581D008BEA22 /* Project object */;
			proxyType = 1;
			remoteGlobalIDString = 6525F79E29EDC1C2000768AC;
			remoteInfo = Authentication;
		};
		6525F7BC29EDEEE9000768AC /* PBXContainerItemProxy */ = {
			isa = PBXContainerItemProxy;
			containerPortal = 655730F629E4581D008BEA22 /* Project object */;
			proxyType = 1;
			remoteGlobalIDString = 65321D3F29E9965D00BA3E93;
			remoteInfo = Utilities;
		};
		65321D3929E995FC00BA3E93 /* PBXContainerItemProxy */ = {
			isa = PBXContainerItemProxy;
			containerPortal = 655730F629E4581D008BEA22 /* Project object */;
			proxyType = 1;
			remoteGlobalIDString = 65321D2B29E995B000BA3E93;
			remoteInfo = Onboarding;
		};
/* End PBXContainerItemProxy section */

/* Begin PBXCopyFilesBuildPhase section */
		6578B2172A02B42E00F81012 /* CopyFiles */ = {
			isa = PBXCopyFilesBuildPhase;
			buildActionMask = 2147483647;
			dstPath = "";
			dstSubfolderSpec = 10;
			files = (
				6578B21F2A02B5E000F81012 /* RxCocoa.xcframework in CopyFiles */,
				6578B2202A02B5E000F81012 /* RxRelay.xcframework in CopyFiles */,
				6578B2212A02B5E000F81012 /* RxSwift.xcframework in CopyFiles */,
				6578B2182A02B43E00F81012 /* Onboarding.framework in CopyFiles */,
				6578B2192A02B43F00F81012 /* Utilities.framework in CopyFiles */,
				6578B21A2A02B43F00F81012 /* Authentication.framework in CopyFiles */,
			);
			runOnlyForDeploymentPostprocessing = 0;
		};
/* End PBXCopyFilesBuildPhase section */

/* Begin PBXFileReference section */
		00172E92B7E1D60695D0CA91 /* Pods-Spendora.debug.xcconfig */ = {isa = PBXFileReference; includeInIndex = 1; lastKnownFileType = text.xcconfig; name = "Pods-Spendora.debug.xcconfig"; path = "Target Support Files/Pods-Spendora/Pods-Spendora.debug.xcconfig"; sourceTree = "<group>"; };
		12D962391D00E97B74D98CBF /* Pods-Onboarding.debug.xcconfig */ = {isa = PBXFileReference; includeInIndex = 1; lastKnownFileType = text.xcconfig; name = "Pods-Onboarding.debug.xcconfig"; path = "Target Support Files/Pods-Onboarding/Pods-Onboarding.debug.xcconfig"; sourceTree = "<group>"; };
		1D61246C9A074FCA3E3ED921 /* Pods-Utilities.release.xcconfig */ = {isa = PBXFileReference; includeInIndex = 1; lastKnownFileType = text.xcconfig; name = "Pods-Utilities.release.xcconfig"; path = "Target Support Files/Pods-Utilities/Pods-Utilities.release.xcconfig"; sourceTree = "<group>"; };
		434D98263423A4D93E20DA26 /* Pods_Onboarding.framework */ = {isa = PBXFileReference; explicitFileType = wrapper.framework; includeInIndex = 0; path = Pods_Onboarding.framework; sourceTree = BUILT_PRODUCTS_DIR; };
		650231B029E7F45600C13139 /* listExpense.json */ = {isa = PBXFileReference; fileEncoding = 4; lastKnownFileType = text.json; path = listExpense.json; sourceTree = "<group>"; };
		650231B229E7F62D00C13139 /* FeatureModel.swift */ = {isa = PBXFileReference; lastKnownFileType = sourcecode.swift; path = FeatureModel.swift; sourceTree = "<group>"; };
		650231B829E80E3300C13139 /* FeatureCardView.swift */ = {isa = PBXFileReference; lastKnownFileType = sourcecode.swift; path = FeatureCardView.swift; sourceTree = "<group>"; };
		650231BA29E80E3F00C13139 /* FeatureCardView.xib */ = {isa = PBXFileReference; lastKnownFileType = file.xib; path = FeatureCardView.xib; sourceTree = "<group>"; };
		650231C029E814F900C13139 /* FeaturesViewController.swift */ = {isa = PBXFileReference; lastKnownFileType = sourcecode.swift; path = FeaturesViewController.swift; sourceTree = "<group>"; };
		650231C129E814F900C13139 /* FeaturesViewController.xib */ = {isa = PBXFileReference; lastKnownFileType = file.xib; path = FeaturesViewController.xib; sourceTree = "<group>"; };
		650231C429E8171C00C13139 /* UIViewExtension.swift */ = {isa = PBXFileReference; lastKnownFileType = sourcecode.swift; path = UIViewExtension.swift; sourceTree = "<group>"; };
		650231C629E834F200C13139 /* splitExpense.json */ = {isa = PBXFileReference; fileEncoding = 4; lastKnownFileType = text.json; path = splitExpense.json; sourceTree = "<group>"; };
		650231C829E835E600C13139 /* analyzeExpense.json */ = {isa = PBXFileReference; fileEncoding = 4; lastKnownFileType = text.json; path = analyzeExpense.json; sourceTree = "<group>"; };
		650B9B3629E9DAD200D144A9 /* RxCocoa.xcframework */ = {isa = PBXFileReference; lastKnownFileType = wrapper.xcframework; name = RxCocoa.xcframework; path = Carthage/Build/RxCocoa.xcframework; sourceTree = "<group>"; };
		650B9B3729E9DAD200D144A9 /* RxRelay.xcframework */ = {isa = PBXFileReference; lastKnownFileType = wrapper.xcframework; name = RxRelay.xcframework; path = Carthage/Build/RxRelay.xcframework; sourceTree = "<group>"; };
		650B9B3829E9DAD200D144A9 /* RxSwift.xcframework */ = {isa = PBXFileReference; lastKnownFileType = wrapper.xcframework; name = RxSwift.xcframework; path = Carthage/Build/RxSwift.xcframework; sourceTree = "<group>"; };
		650B9B3C29EA8BEF00D144A9 /* TncPrivacyBuilder.swift */ = {isa = PBXFileReference; lastKnownFileType = sourcecode.swift; path = TncPrivacyBuilder.swift; sourceTree = "<group>"; };
		650B9B4429EAA8FF00D144A9 /* SpendoraTest.xctest */ = {isa = PBXFileReference; explicitFileType = wrapper.cfbundle; includeInIndex = 0; path = SpendoraTest.xctest; sourceTree = BUILT_PRODUCTS_DIR; };
		650B9B4629EAA8FF00D144A9 /* SpendoraTest.swift */ = {isa = PBXFileReference; lastKnownFileType = sourcecode.swift; path = SpendoraTest.swift; sourceTree = "<group>"; };
		650D735629F533F8004B0E26 /* LocationManager.swift */ = {isa = PBXFileReference; lastKnownFileType = sourcecode.swift; path = LocationManager.swift; sourceTree = "<group>"; };
		650D735829F556C2004B0E26 /* CountryPickerInteractor.swift */ = {isa = PBXFileReference; lastKnownFileType = sourcecode.swift; path = CountryPickerInteractor.swift; sourceTree = "<group>"; };
		650D735B29F560D8004B0E26 /* CountryPickerRouter.swift */ = {isa = PBXFileReference; lastKnownFileType = sourcecode.swift; path = CountryPickerRouter.swift; sourceTree = "<group>"; };
		6525F79F29EDC1C2000768AC /* Authentication.framework */ = {isa = PBXFileReference; explicitFileType = wrapper.framework; includeInIndex = 0; path = Authentication.framework; sourceTree = BUILT_PRODUCTS_DIR; };
		6525F7A129EDC1C2000768AC /* Authentication.h */ = {isa = PBXFileReference; lastKnownFileType = sourcecode.c.h; path = Authentication.h; sourceTree = "<group>"; };
		6525F7A829EDC6F4000768AC /* AuthViewController.swift */ = {isa = PBXFileReference; lastKnownFileType = sourcecode.swift; path = AuthViewController.swift; sourceTree = "<group>"; };
		6525F7A929EDC6F4000768AC /* AuthViewController.xib */ = {isa = PBXFileReference; lastKnownFileType = file.xib; path = AuthViewController.xib; sourceTree = "<group>"; };
		6525F7AC29EDC70C000768AC /* AuthBuilder.swift */ = {isa = PBXFileReference; lastKnownFileType = sourcecode.swift; path = AuthBuilder.swift; sourceTree = "<group>"; };
		6525F7AE29EDC71B000768AC /* AuthPresenter.swift */ = {isa = PBXFileReference; lastKnownFileType = sourcecode.swift; path = AuthPresenter.swift; sourceTree = "<group>"; };
		6525F7B029EDC725000768AC /* AuthRouter.swift */ = {isa = PBXFileReference; lastKnownFileType = sourcecode.swift; path = AuthRouter.swift; sourceTree = "<group>"; };
		6525F7BA29EDEE9B000768AC /* UIColorExtension.swift */ = {isa = PBXFileReference; lastKnownFileType = sourcecode.swift; path = UIColorExtension.swift; sourceTree = "<group>"; };
		65321D2529E9950300BA3E93 /* SpendoraAssembler.swift */ = {isa = PBXFileReference; lastKnownFileType = sourcecode.swift; path = SpendoraAssembler.swift; sourceTree = "<group>"; };
		65321D2C29E995B000BA3E93 /* Onboarding.framework */ = {isa = PBXFileReference; explicitFileType = wrapper.framework; includeInIndex = 0; path = Onboarding.framework; sourceTree = BUILT_PRODUCTS_DIR; };
		65321D2E29E995B100BA3E93 /* Onboarding.h */ = {isa = PBXFileReference; lastKnownFileType = sourcecode.c.h; path = Onboarding.h; sourceTree = "<group>"; };
		65321D4029E9965D00BA3E93 /* Utilities.framework */ = {isa = PBXFileReference; explicitFileType = wrapper.framework; includeInIndex = 0; path = Utilities.framework; sourceTree = BUILT_PRODUCTS_DIR; };
		65321D4229E9965D00BA3E93 /* Utilities.h */ = {isa = PBXFileReference; lastKnownFileType = sourcecode.c.h; path = Utilities.h; sourceTree = "<group>"; };
		65321D5729E9992800BA3E93 /* LottieView.swift */ = {isa = PBXFileReference; fileEncoding = 4; lastKnownFileType = sourcecode.swift; path = LottieView.swift; sourceTree = "<group>"; };
		65321D7229E99BAE00BA3E93 /* UIViewControllerExtension.swift */ = {isa = PBXFileReference; lastKnownFileType = sourcecode.swift; path = UIViewControllerExtension.swift; sourceTree = "<group>"; };
		65321D7B29E99E6200BA3E93 /* OnboardingBuilder.swift */ = {isa = PBXFileReference; lastKnownFileType = sourcecode.swift; path = OnboardingBuilder.swift; sourceTree = "<group>"; };
		65321D7E29E99F9700BA3E93 /* FeaturesBuilder.swift */ = {isa = PBXFileReference; lastKnownFileType = sourcecode.swift; path = FeaturesBuilder.swift; sourceTree = "<group>"; };
		65321D8029E9A02000BA3E93 /* OnboardingPresenter.swift */ = {isa = PBXFileReference; lastKnownFileType = sourcecode.swift; path = OnboardingPresenter.swift; sourceTree = "<group>"; };
		65321D8229E9A02A00BA3E93 /* OnboardingRouter.swift */ = {isa = PBXFileReference; lastKnownFileType = sourcecode.swift; path = OnboardingRouter.swift; sourceTree = "<group>"; };
		6546E0A429F041DB00C89F18 /* AuthButtonView.swift */ = {isa = PBXFileReference; lastKnownFileType = sourcecode.swift; path = AuthButtonView.swift; sourceTree = "<group>"; };
		6546E0A929F0421B00C89F18 /* AuthButtonView.xib */ = {isa = PBXFileReference; lastKnownFileType = file.xib; path = AuthButtonView.xib; sourceTree = "<group>"; };
		6546E0AD29F071B200C89F18 /* UIButtonExtension.swift */ = {isa = PBXFileReference; lastKnownFileType = sourcecode.swift; path = UIButtonExtension.swift; sourceTree = "<group>"; };
		6546E0AF29F1115B00C89F18 /* country_dial_info.json */ = {isa = PBXFileReference; fileEncoding = 4; lastKnownFileType = text.json; path = country_dial_info.json; sourceTree = "<group>"; };
		6546E0B129F13A1000C89F18 /* CustomButton.swift */ = {isa = PBXFileReference; lastKnownFileType = sourcecode.swift; path = CustomButton.swift; sourceTree = "<group>"; };
		6546E0B429F13A3700C89F18 /* CountryModel.swift */ = {isa = PBXFileReference; lastKnownFileType = sourcecode.swift; path = CountryModel.swift; sourceTree = "<group>"; };
		6546E0B729F1491E00C89F18 /* CountryPickerViewController.swift */ = {isa = PBXFileReference; lastKnownFileType = sourcecode.swift; path = CountryPickerViewController.swift; sourceTree = "<group>"; };
		6546E0B829F1491E00C89F18 /* CountryPickerViewController.xib */ = {isa = PBXFileReference; lastKnownFileType = file.xib; path = CountryPickerViewController.xib; sourceTree = "<group>"; };
		6546E0BF29F2930400C89F18 /* AuthButton.swift */ = {isa = PBXFileReference; lastKnownFileType = sourcecode.swift; path = AuthButton.swift; sourceTree = "<group>"; };
		655730FE29E4581D008BEA22 /* Spendora.app */ = {isa = PBXFileReference; explicitFileType = wrapper.application; includeInIndex = 0; path = Spendora.app; sourceTree = BUILT_PRODUCTS_DIR; };
		6557310129E4581D008BEA22 /* AppDelegate.swift */ = {isa = PBXFileReference; lastKnownFileType = sourcecode.swift; path = AppDelegate.swift; sourceTree = "<group>"; };
		6557310B29E4581D008BEA22 /* Spendora.xcdatamodel */ = {isa = PBXFileReference; lastKnownFileType = wrapper.xcdatamodel; path = Spendora.xcdatamodel; sourceTree = "<group>"; };
		6557310D29E45822008BEA22 /* Assets.xcassets */ = {isa = PBXFileReference; lastKnownFileType = folder.assetcatalog; path = Assets.xcassets; sourceTree = "<group>"; };
		6557311029E45822008BEA22 /* Base */ = {isa = PBXFileReference; lastKnownFileType = file.storyboard; name = Base; path = Base.lproj/LaunchScreen.storyboard; sourceTree = "<group>"; };
		6557311229E45822008BEA22 /* Info.plist */ = {isa = PBXFileReference; lastKnownFileType = text.plist.xml; path = Info.plist; sourceTree = "<group>"; };
		6557311929E45C34008BEA22 /* OnboardingViewController.swift */ = {isa = PBXFileReference; lastKnownFileType = sourcecode.swift; path = OnboardingViewController.swift; sourceTree = "<group>"; };
		6557311A29E45C34008BEA22 /* OnboardingViewController.xib */ = {isa = PBXFileReference; lastKnownFileType = file.xib; path = OnboardingViewController.xib; sourceTree = "<group>"; };
		6557312429E460D9008BEA22 /* finance.json */ = {isa = PBXFileReference; fileEncoding = 4; lastKnownFileType = text.json; path = finance.json; sourceTree = "<group>"; };
		6557312629E47320008BEA22 /* Localizable.strings */ = {isa = PBXFileReference; lastKnownFileType = text.plist.strings; path = Localizable.strings; sourceTree = "<group>"; };
		6557312829E49133008BEA22 /* Module.swift */ = {isa = PBXFileReference; lastKnownFileType = sourcecode.swift; path = Module.swift; sourceTree = "<group>"; };
		6557312A29E49673008BEA22 /* TncPrivacyViewController.swift */ = {isa = PBXFileReference; lastKnownFileType = sourcecode.swift; path = TncPrivacyViewController.swift; sourceTree = "<group>"; };
		6557312B29E49673008BEA22 /* TncPrivacyViewController.xib */ = {isa = PBXFileReference; lastKnownFileType = file.xib; path = TncPrivacyViewController.xib; sourceTree = "<group>"; };
		655974E529EC410700C5DE75 /* FeaturesPresenter.swift */ = {isa = PBXFileReference; lastKnownFileType = sourcecode.swift; path = FeaturesPresenter.swift; sourceTree = "<group>"; };
		655974E729EC411400C5DE75 /* FeaturesRouter.swift */ = {isa = PBXFileReference; lastKnownFileType = sourcecode.swift; path = FeaturesRouter.swift; sourceTree = "<group>"; };
		655A933529ED8BF6007A201C /* FeatureCardBuilder.swift */ = {isa = PBXFileReference; lastKnownFileType = sourcecode.swift; path = FeatureCardBuilder.swift; sourceTree = "<group>"; };
		655A933729ED9935007A201C /* MainCoordinator.swift */ = {isa = PBXFileReference; lastKnownFileType = sourcecode.swift; path = MainCoordinator.swift; sourceTree = "<group>"; };
		6562EF9529E7D96C00D6E1D5 /* Constants.swift */ = {isa = PBXFileReference; lastKnownFileType = sourcecode.swift; path = Constants.swift; sourceTree = "<group>"; };
		6562EF9A29E7E12800D6E1D5 /* StringExtension.swift */ = {isa = PBXFileReference; lastKnownFileType = sourcecode.swift; path = StringExtension.swift; sourceTree = "<group>"; };
		657DA27029FCEFAB00C72CDF /* GoogleService-Info.plist */ = {isa = PBXFileReference; lastKnownFileType = text.plist; path = "GoogleService-Info.plist"; sourceTree = SOURCE_ROOT; };
		657DA27429FCF7C900C72CDF /* AuthManager.swift */ = {isa = PBXFileReference; lastKnownFileType = sourcecode.swift; path = AuthManager.swift; sourceTree = "<group>"; };
		657DA27729FD44EA00C72CDF /* OTPViewController.swift */ = {isa = PBXFileReference; lastKnownFileType = sourcecode.swift; path = OTPViewController.swift; sourceTree = "<group>"; };
		657DA27829FD44EA00C72CDF /* OTPViewController.xib */ = {isa = PBXFileReference; lastKnownFileType = file.xib; path = OTPViewController.xib; sourceTree = "<group>"; };
		65AC2D6B29F2D5A9002C6C20 /* APIManager.swift */ = {isa = PBXFileReference; lastKnownFileType = sourcecode.swift; path = APIManager.swift; sourceTree = "<group>"; };
		65AC2D6D29F2DC00002C6C20 /* CountryPickerBuilder.swift */ = {isa = PBXFileReference; lastKnownFileType = sourcecode.swift; path = CountryPickerBuilder.swift; sourceTree = "<group>"; };
		65AC2D6F29F2DC10002C6C20 /* CountryPickerPresenter.swift */ = {isa = PBXFileReference; lastKnownFileType = sourcecode.swift; path = CountryPickerPresenter.swift; sourceTree = "<group>"; };
		65AC2D7329F2E43B002C6C20 /* CountryTableViewCell.swift */ = {isa = PBXFileReference; lastKnownFileType = sourcecode.swift; path = CountryTableViewCell.swift; sourceTree = "<group>"; };
		65AC2D7429F2E43B002C6C20 /* CountryTableViewCell.xib */ = {isa = PBXFileReference; lastKnownFileType = file.xib; path = CountryTableViewCell.xib; sourceTree = "<group>"; };
		65F1A7AF29F5C2CC0024F82F /* NoDataView.swift */ = {isa = PBXFileReference; lastKnownFileType = sourcecode.swift; path = NoDataView.swift; sourceTree = "<group>"; };
		65F1A7B129F5C2DC0024F82F /* NoDataView.xib */ = {isa = PBXFileReference; lastKnownFileType = file.xib; path = NoDataView.xib; sourceTree = "<group>"; };
		65F1A7B329F5C44A0024F82F /* NoDataViewBuilder.swift */ = {isa = PBXFileReference; lastKnownFileType = sourcecode.swift; path = NoDataViewBuilder.swift; sourceTree = "<group>"; };
		9B63E41933628ED23B6A0023 /* Pods-Onboarding.release.xcconfig */ = {isa = PBXFileReference; includeInIndex = 1; lastKnownFileType = text.xcconfig; name = "Pods-Onboarding.release.xcconfig"; path = "Target Support Files/Pods-Onboarding/Pods-Onboarding.release.xcconfig"; sourceTree = "<group>"; };
		BF295A80A0870D2939AE592A /* Pods_Utilities.framework */ = {isa = PBXFileReference; explicitFileType = wrapper.framework; includeInIndex = 0; path = Pods_Utilities.framework; sourceTree = BUILT_PRODUCTS_DIR; };
		C8F09A011EA8D742488E74C9 /* Pods-Spendora.release.xcconfig */ = {isa = PBXFileReference; includeInIndex = 1; lastKnownFileType = text.xcconfig; name = "Pods-Spendora.release.xcconfig"; path = "Target Support Files/Pods-Spendora/Pods-Spendora.release.xcconfig"; sourceTree = "<group>"; };
		EF0E91C82DF89ABE435AD420 /* Pods-Utilities.debug.xcconfig */ = {isa = PBXFileReference; includeInIndex = 1; lastKnownFileType = text.xcconfig; name = "Pods-Utilities.debug.xcconfig"; path = "Target Support Files/Pods-Utilities/Pods-Utilities.debug.xcconfig"; sourceTree = "<group>"; };
		FACCE2DBEA924F3F8F6B467E /* Pods_Spendora.framework */ = {isa = PBXFileReference; explicitFileType = wrapper.framework; includeInIndex = 0; path = Pods_Spendora.framework; sourceTree = BUILT_PRODUCTS_DIR; };
/* End PBXFileReference section */

/* Begin PBXFrameworksBuildPhase section */
		650B9B4129EAA8FF00D144A9 /* Frameworks */ = {
			isa = PBXFrameworksBuildPhase;
			buildActionMask = 2147483647;
			files = (
			);
			runOnlyForDeploymentPostprocessing = 0;
		};
		6525F79C29EDC1C2000768AC /* Frameworks */ = {
			isa = PBXFrameworksBuildPhase;
			buildActionMask = 2147483647;
			files = (
			);
			runOnlyForDeploymentPostprocessing = 0;
		};
		65321D2929E995B000BA3E93 /* Frameworks */ = {
			isa = PBXFrameworksBuildPhase;
			buildActionMask = 2147483647;
			files = (
				5401223A6C09FE00ED20079A /* Pods_Onboarding.framework in Frameworks */,
			);
			runOnlyForDeploymentPostprocessing = 0;
		};
		65321D3D29E9965D00BA3E93 /* Frameworks */ = {
			isa = PBXFrameworksBuildPhase;
			buildActionMask = 2147483647;
			files = (
				65321D5B29E9999F00BA3E93 /* Lottie in Frameworks */,
				650B9B3929E9DAD200D144A9 /* RxCocoa.xcframework in Frameworks */,
				650B9B3A29E9DAD200D144A9 /* RxRelay.xcframework in Frameworks */,
				650B9B3B29E9DAD200D144A9 /* RxSwift.xcframework in Frameworks */,
				6DDCBE3C1371E10BC486899F /* Pods_Utilities.framework in Frameworks */,
			);
			runOnlyForDeploymentPostprocessing = 0;
		};
		655730FB29E4581D008BEA22 /* Frameworks */ = {
			isa = PBXFrameworksBuildPhase;
			buildActionMask = 2147483647;
			files = (
				6578B2232A02B64B00F81012 /* Lottie in Frameworks */,
				6578B2132A02B25100F81012 /* Authentication.framework in Frameworks */,
				6578B2142A02B25200F81012 /* Onboarding.framework in Frameworks */,
				6578B2152A02B25200F81012 /* Utilities.framework in Frameworks */,
				564DD8A919F802DF2A931F87 /* Pods_Spendora.framework in Frameworks */,
			);
			runOnlyForDeploymentPostprocessing = 0;
		};
/* End PBXFrameworksBuildPhase section */

/* Begin PBXGroup section */
		650B9B4529EAA8FF00D144A9 /* SpendoraTest */ = {
			isa = PBXGroup;
			children = (
				650B9B4629EAA8FF00D144A9 /* SpendoraTest.swift */,
			);
			path = SpendoraTest;
			sourceTree = "<group>";
		};
		6525F7A029EDC1C2000768AC /* Authentication */ = {
			isa = PBXGroup;
			children = (
				657DA27629FD44C100C72CDF /* OTP */,
				6546E0B329F13A2A00C89F18 /* Models */,
				6525F7A729EDC60D000768AC /* Auth */,
				6525F7A129EDC1C2000768AC /* Authentication.h */,
			);
			path = Authentication;
			sourceTree = "<group>";
		};
		6525F7A729EDC60D000768AC /* Auth */ = {
			isa = PBXGroup;
			children = (
				6525F7A829EDC6F4000768AC /* AuthViewController.swift */,
				6525F7A929EDC6F4000768AC /* AuthViewController.xib */,
				6525F7AC29EDC70C000768AC /* AuthBuilder.swift */,
				6525F7AE29EDC71B000768AC /* AuthPresenter.swift */,
				6525F7B029EDC725000768AC /* AuthRouter.swift */,
			);
			path = Auth;
			sourceTree = "<group>";
		};
		65321D2429E994D800BA3E93 /* AppAssembler */ = {
			isa = PBXGroup;
			children = (
				65321D2529E9950300BA3E93 /* SpendoraAssembler.swift */,
				655A933729ED9935007A201C /* MainCoordinator.swift */,
			);
			path = AppAssembler;
			sourceTree = "<group>";
		};
		65321D2D29E995B100BA3E93 /* Onboarding */ = {
			isa = PBXGroup;
			children = (
				65321D7A29E99DA700BA3E93 /* TncPrivacy */,
				65321D7629E99D3200BA3E93 /* Onboarding */,
				65321D7729E99D3900BA3E93 /* Features */,
				6557312829E49133008BEA22 /* Module.swift */,
				65321D2E29E995B100BA3E93 /* Onboarding.h */,
			);
			path = Onboarding;
			sourceTree = "<group>";
		};
		65321D4129E9965D00BA3E93 /* Utilities */ = {
			isa = PBXGroup;
			children = (
				657DA27229FCF57500C72CDF /* Authenticators */,
				65AC2D6A29F2D0DE002C6C20 /* CustomViews */,
				65AC2D6929F2D0CB002C6C20 /* Helper */,
				65AC2D6829F2D0AB002C6C20 /* UIKitExtensions */,
				6562EF9529E7D96C00D6E1D5 /* Constants.swift */,
				65321D4229E9965D00BA3E93 /* Utilities.h */,
			);
			name = Utilities;
			path = ../Utilities;
			sourceTree = "<group>";
		};
		65321D5629E9992800BA3E93 /* LottieView */ = {
			isa = PBXGroup;
			children = (
				65321D5729E9992800BA3E93 /* LottieView.swift */,
			);
			path = LottieView;
			sourceTree = "<group>";
		};
		65321D5929E9999F00BA3E93 /* Frameworks */ = {
			isa = PBXGroup;
			children = (
				650B9B3629E9DAD200D144A9 /* RxCocoa.xcframework */,
				650B9B3729E9DAD200D144A9 /* RxRelay.xcframework */,
				650B9B3829E9DAD200D144A9 /* RxSwift.xcframework */,
				434D98263423A4D93E20DA26 /* Pods_Onboarding.framework */,
				FACCE2DBEA924F3F8F6B467E /* Pods_Spendora.framework */,
				BF295A80A0870D2939AE592A /* Pods_Utilities.framework */,
			);
			name = Frameworks;
			sourceTree = "<group>";
		};
		65321D7629E99D3200BA3E93 /* Onboarding */ = {
			isa = PBXGroup;
			children = (
				6557311929E45C34008BEA22 /* OnboardingViewController.swift */,
				6557311A29E45C34008BEA22 /* OnboardingViewController.xib */,
				65321D7B29E99E6200BA3E93 /* OnboardingBuilder.swift */,
				65321D8029E9A02000BA3E93 /* OnboardingPresenter.swift */,
				65321D8229E9A02A00BA3E93 /* OnboardingRouter.swift */,
			);
			path = Onboarding;
			sourceTree = "<group>";
		};
		65321D7729E99D3900BA3E93 /* Features */ = {
			isa = PBXGroup;
			children = (
				65321D7829E99D7100BA3E93 /* Views */,
				650231B229E7F62D00C13139 /* FeatureModel.swift */,
				650231C029E814F900C13139 /* FeaturesViewController.swift */,
				650231C129E814F900C13139 /* FeaturesViewController.xib */,
				65321D7E29E99F9700BA3E93 /* FeaturesBuilder.swift */,
				655974E529EC410700C5DE75 /* FeaturesPresenter.swift */,
				655974E729EC411400C5DE75 /* FeaturesRouter.swift */,
			);
			path = Features;
			sourceTree = "<group>";
		};
		65321D7829E99D7100BA3E93 /* Views */ = {
			isa = PBXGroup;
			children = (
				650231B829E80E3300C13139 /* FeatureCardView.swift */,
				650231BA29E80E3F00C13139 /* FeatureCardView.xib */,
				655A933529ED8BF6007A201C /* FeatureCardBuilder.swift */,
			);
			path = Views;
			sourceTree = "<group>";
		};
		65321D7A29E99DA700BA3E93 /* TncPrivacy */ = {
			isa = PBXGroup;
			children = (
				6557312A29E49673008BEA22 /* TncPrivacyViewController.swift */,
				6557312B29E49673008BEA22 /* TncPrivacyViewController.xib */,
				650B9B3C29EA8BEF00D144A9 /* TncPrivacyBuilder.swift */,
			);
			path = TncPrivacy;
			sourceTree = "<group>";
		};
		6546E0B329F13A2A00C89F18 /* Models */ = {
			isa = PBXGroup;
			children = (
			);
			path = Models;
			sourceTree = "<group>";
		};
		6546E0C629F2934F00C89F18 /* CountryPicker */ = {
			isa = PBXGroup;
			children = (
				6546E0B429F13A3700C89F18 /* CountryModel.swift */,
				6546E0B729F1491E00C89F18 /* CountryPickerViewController.swift */,
				6546E0B829F1491E00C89F18 /* CountryPickerViewController.xib */,
				65AC2D6D29F2DC00002C6C20 /* CountryPickerBuilder.swift */,
				65AC2D6F29F2DC10002C6C20 /* CountryPickerPresenter.swift */,
				65AC2D7329F2E43B002C6C20 /* CountryTableViewCell.swift */,
				65AC2D7429F2E43B002C6C20 /* CountryTableViewCell.xib */,
				650D735829F556C2004B0E26 /* CountryPickerInteractor.swift */,
				650D735B29F560D8004B0E26 /* CountryPickerRouter.swift */,
			);
			path = CountryPicker;
			sourceTree = "<group>";
		};
		655730F529E4581D008BEA22 = {
			isa = PBXGroup;
			children = (
				6557310029E4581D008BEA22 /* Spendora */,
				650B9B4529EAA8FF00D144A9 /* SpendoraTest */,
				655730FF29E4581D008BEA22 /* Products */,
				65321D5929E9999F00BA3E93 /* Frameworks */,
				E43FF61CDFE2373F6E002898 /* Pods */,
			);
			sourceTree = "<group>";
		};
		655730FF29E4581D008BEA22 /* Products */ = {
			isa = PBXGroup;
			children = (
				655730FE29E4581D008BEA22 /* Spendora.app */,
				65321D2C29E995B000BA3E93 /* Onboarding.framework */,
				65321D4029E9965D00BA3E93 /* Utilities.framework */,
				650B9B4429EAA8FF00D144A9 /* SpendoraTest.xctest */,
				6525F79F29EDC1C2000768AC /* Authentication.framework */,
			);
			name = Products;
			sourceTree = "<group>";
		};
		6557310029E4581D008BEA22 /* Spendora */ = {
			isa = PBXGroup;
			children = (
				6525F7A029EDC1C2000768AC /* Authentication */,
				65321D4129E9965D00BA3E93 /* Utilities */,
				65321D2D29E995B100BA3E93 /* Onboarding */,
				65321D2429E994D800BA3E93 /* AppAssembler */,
				6557312329E460C9008BEA22 /* Assets */,
				6557310129E4581D008BEA22 /* AppDelegate.swift */,
				657DA27029FCEFAB00C72CDF /* GoogleService-Info.plist */,
				6557310D29E45822008BEA22 /* Assets.xcassets */,
				6557310F29E45822008BEA22 /* LaunchScreen.storyboard */,
				6557311229E45822008BEA22 /* Info.plist */,
				6557310A29E4581D008BEA22 /* Spendora.xcdatamodeld */,
				6557312629E47320008BEA22 /* Localizable.strings */,
			);
			path = Spendora;
			sourceTree = "<group>";
		};
		6557312329E460C9008BEA22 /* Assets */ = {
			isa = PBXGroup;
			children = (
				6546E0AF29F1115B00C89F18 /* country_dial_info.json */,
				6557312429E460D9008BEA22 /* finance.json */,
				650231B029E7F45600C13139 /* listExpense.json */,
				650231C629E834F200C13139 /* splitExpense.json */,
				650231C829E835E600C13139 /* analyzeExpense.json */,
			);
			path = Assets;
			sourceTree = "<group>";
		};
		657DA27229FCF57500C72CDF /* Authenticators */ = {
			isa = PBXGroup;
			children = (
				657DA27329FCF58600C72CDF /* PhoneAuthenticator */,
				657DA27429FCF7C900C72CDF /* AuthManager.swift */,
			);
			path = Authenticators;
			sourceTree = "<group>";
		};
		657DA27329FCF58600C72CDF /* PhoneAuthenticator */ = {
			isa = PBXGroup;
			children = (
			);
			name = PhoneAuthenticator;
			path = "../New Group/PhoneAuthenticator";
			sourceTree = "<group>";
		};
		657DA27629FD44C100C72CDF /* OTP */ = {
			isa = PBXGroup;
			children = (
				657DA27729FD44EA00C72CDF /* OTPViewController.swift */,
				657DA27829FD44EA00C72CDF /* OTPViewController.xib */,
			);
			name = OTP;
			sourceTree = "<group>";
		};
		65AC2D6529F2AEFA002C6C20 /* AuthButton */ = {
			isa = PBXGroup;
			children = (
				6546E0BF29F2930400C89F18 /* AuthButton.swift */,
				6546E0A429F041DB00C89F18 /* AuthButtonView.swift */,
				6546E0A929F0421B00C89F18 /* AuthButtonView.xib */,
			);
			path = AuthButton;
			sourceTree = "<group>";
		};
		65AC2D6829F2D0AB002C6C20 /* UIKitExtensions */ = {
			isa = PBXGroup;
			children = (
				650231C429E8171C00C13139 /* UIViewExtension.swift */,
				65321D7229E99BAE00BA3E93 /* UIViewControllerExtension.swift */,
				6525F7BA29EDEE9B000768AC /* UIColorExtension.swift */,
				6546E0AD29F071B200C89F18 /* UIButtonExtension.swift */,
			);
			path = UIKitExtensions;
			sourceTree = "<group>";
		};
		65AC2D6929F2D0CB002C6C20 /* Helper */ = {
			isa = PBXGroup;
			children = (
				6562EF9A29E7E12800D6E1D5 /* StringExtension.swift */,
				65AC2D6B29F2D5A9002C6C20 /* APIManager.swift */,
				650D735629F533F8004B0E26 /* LocationManager.swift */,
			);
			path = Helper;
			sourceTree = "<group>";
		};
		65AC2D6A29F2D0DE002C6C20 /* CustomViews */ = {
			isa = PBXGroup;
			children = (
				65F1A7AE29F5C2B50024F82F /* NoData */,
				65321D5629E9992800BA3E93 /* LottieView */,
				6546E0C629F2934F00C89F18 /* CountryPicker */,
				65AC2D6529F2AEFA002C6C20 /* AuthButton */,
				6546E0B129F13A1000C89F18 /* CustomButton.swift */,
			);
			path = CustomViews;
			sourceTree = "<group>";
		};
		65F1A7AE29F5C2B50024F82F /* NoData */ = {
			isa = PBXGroup;
			children = (
				65F1A7AF29F5C2CC0024F82F /* NoDataView.swift */,
				65F1A7B129F5C2DC0024F82F /* NoDataView.xib */,
				65F1A7B329F5C44A0024F82F /* NoDataViewBuilder.swift */,
			);
			path = NoData;
			sourceTree = "<group>";
		};
		E43FF61CDFE2373F6E002898 /* Pods */ = {
			isa = PBXGroup;
			children = (
				12D962391D00E97B74D98CBF /* Pods-Onboarding.debug.xcconfig */,
				9B63E41933628ED23B6A0023 /* Pods-Onboarding.release.xcconfig */,
				00172E92B7E1D60695D0CA91 /* Pods-Spendora.debug.xcconfig */,
				C8F09A011EA8D742488E74C9 /* Pods-Spendora.release.xcconfig */,
				EF0E91C82DF89ABE435AD420 /* Pods-Utilities.debug.xcconfig */,
				1D61246C9A074FCA3E3ED921 /* Pods-Utilities.release.xcconfig */,
			);
			path = Pods;
			sourceTree = "<group>";
		};
/* End PBXGroup section */

/* Begin PBXHeadersBuildPhase section */
		6525F79A29EDC1C2000768AC /* Headers */ = {
			isa = PBXHeadersBuildPhase;
			buildActionMask = 2147483647;
			files = (
				6525F7A229EDC1C2000768AC /* Authentication.h in Headers */,
			);
			runOnlyForDeploymentPostprocessing = 0;
		};
		65321D2729E995B000BA3E93 /* Headers */ = {
			isa = PBXHeadersBuildPhase;
			buildActionMask = 2147483647;
			files = (
				65321D2F29E995B100BA3E93 /* Onboarding.h in Headers */,
			);
			runOnlyForDeploymentPostprocessing = 0;
		};
		65321D3B29E9965D00BA3E93 /* Headers */ = {
			isa = PBXHeadersBuildPhase;
			buildActionMask = 2147483647;
			files = (
				65321D4329E9965D00BA3E93 /* Utilities.h in Headers */,
			);
			runOnlyForDeploymentPostprocessing = 0;
		};
/* End PBXHeadersBuildPhase section */

/* Begin PBXNativeTarget section */
		650B9B4329EAA8FF00D144A9 /* SpendoraTest */ = {
			isa = PBXNativeTarget;
			buildConfigurationList = 650B9B4829EAA90000D144A9 /* Build configuration list for PBXNativeTarget "SpendoraTest" */;
			buildPhases = (
				650B9B4029EAA8FF00D144A9 /* Sources */,
				650B9B4129EAA8FF00D144A9 /* Frameworks */,
				650B9B4229EAA8FF00D144A9 /* Resources */,
			);
			buildRules = (
			);
			dependencies = (
				650B9B4C29EAA96000D144A9 /* PBXTargetDependency */,
			);
			name = SpendoraTest;
			productName = SpendoraTest;
			productReference = 650B9B4429EAA8FF00D144A9 /* SpendoraTest.xctest */;
			productType = "com.apple.product-type.bundle.unit-test";
		};
		6525F79E29EDC1C2000768AC /* Authentication */ = {
			isa = PBXNativeTarget;
			buildConfigurationList = 6525F7A529EDC1C3000768AC /* Build configuration list for PBXNativeTarget "Authentication" */;
			buildPhases = (
				6525F79A29EDC1C2000768AC /* Headers */,
				6525F79B29EDC1C2000768AC /* Sources */,
				6525F79C29EDC1C2000768AC /* Frameworks */,
				6525F79D29EDC1C2000768AC /* Resources */,
			);
			buildRules = (
			);
			dependencies = (
				6525F7BD29EDEEE9000768AC /* PBXTargetDependency */,
			);
			name = Authentication;
			productName = Authentication;
			productReference = 6525F79F29EDC1C2000768AC /* Authentication.framework */;
			productType = "com.apple.product-type.framework";
		};
		65321D2B29E995B000BA3E93 /* Onboarding */ = {
			isa = PBXNativeTarget;
			buildConfigurationList = 65321D3029E995B100BA3E93 /* Build configuration list for PBXNativeTarget "Onboarding" */;
			buildPhases = (
				1D2AAE67DFCA7343C11F6249 /* [CP] Check Pods Manifest.lock */,
				65321D2729E995B000BA3E93 /* Headers */,
				65321D2829E995B000BA3E93 /* Sources */,
				65321D2929E995B000BA3E93 /* Frameworks */,
				65321D2A29E995B000BA3E93 /* Resources */,
			);
			buildRules = (
			);
			dependencies = (
				6525F7B929EDEBA7000768AC /* PBXTargetDependency */,
			);
			name = Onboarding;
			productName = Onboarding;
			productReference = 65321D2C29E995B000BA3E93 /* Onboarding.framework */;
			productType = "com.apple.product-type.framework";
		};
		65321D3F29E9965D00BA3E93 /* Utilities */ = {
			isa = PBXNativeTarget;
			buildConfigurationList = 65321D4429E9965D00BA3E93 /* Build configuration list for PBXNativeTarget "Utilities" */;
			buildPhases = (
				5BB9816BC93350F1D1FE28F1 /* [CP] Check Pods Manifest.lock */,
				65321D3B29E9965D00BA3E93 /* Headers */,
				65321D3C29E9965D00BA3E93 /* Sources */,
				65321D3D29E9965D00BA3E93 /* Frameworks */,
				65321D3E29E9965D00BA3E93 /* Resources */,
			);
			buildRules = (
			);
			dependencies = (
			);
			name = Utilities;
			packageProductDependencies = (
				65321D5A29E9999F00BA3E93 /* Lottie */,
			);
			productName = Utilities;
			productReference = 65321D4029E9965D00BA3E93 /* Utilities.framework */;
			productType = "com.apple.product-type.framework";
		};
		655730FD29E4581D008BEA22 /* Spendora */ = {
			isa = PBXNativeTarget;
			buildConfigurationList = 6557311529E45822008BEA22 /* Build configuration list for PBXNativeTarget "Spendora" */;
			buildPhases = (
				9CD61C3076D97D9297611CAA /* [CP] Check Pods Manifest.lock */,
				655730FA29E4581D008BEA22 /* Sources */,
				655730FB29E4581D008BEA22 /* Frameworks */,
				655730FC29E4581D008BEA22 /* Resources */,
				650B9B3F29EAA0BD00D144A9 /* Swiftlint */,
				381F47622281EF984E16BB4C /* [CP] Embed Pods Frameworks */,
				6578B2172A02B42E00F81012 /* CopyFiles */,
			);
			buildRules = (
			);
			dependencies = (
				65321D3A29E995FC00BA3E93 /* PBXTargetDependency */,
			);
			name = Spendora;
			packageProductDependencies = (
				6578B2222A02B64B00F81012 /* Lottie */,
			);
			productName = Spendora;
			productReference = 655730FE29E4581D008BEA22 /* Spendora.app */;
			productType = "com.apple.product-type.application";
		};
/* End PBXNativeTarget section */

/* Begin PBXProject section */
		655730F629E4581D008BEA22 /* Project object */ = {
			isa = PBXProject;
			attributes = {
				BuildIndependentTargetsInParallel = 1;
				LastSwiftUpdateCheck = 1420;
				LastUpgradeCheck = 1420;
				TargetAttributes = {
					650B9B4329EAA8FF00D144A9 = {
						CreatedOnToolsVersion = 14.2;
						TestTargetID = 655730FD29E4581D008BEA22;
					};
					6525F79E29EDC1C2000768AC = {
						CreatedOnToolsVersion = 14.2;
						LastSwiftMigration = 1420;
					};
					65321D2B29E995B000BA3E93 = {
						CreatedOnToolsVersion = 14.2;
					};
					65321D3F29E9965D00BA3E93 = {
						CreatedOnToolsVersion = 14.2;
					};
					655730FD29E4581D008BEA22 = {
						CreatedOnToolsVersion = 14.2;
					};
				};
			};
			buildConfigurationList = 655730F929E4581D008BEA22 /* Build configuration list for PBXProject "Spendora" */;
			compatibilityVersion = "Xcode 14.0";
			developmentRegion = en;
			hasScannedForEncodings = 0;
			knownRegions = (
				en,
				Base,
			);
			mainGroup = 655730F529E4581D008BEA22;
			packageReferences = (
				6557311D29E45D53008BEA22 /* XCRemoteSwiftPackageReference "lottie-spm" */,
			);
			productRefGroup = 655730FF29E4581D008BEA22 /* Products */;
			projectDirPath = "";
			projectRoot = "";
			targets = (
				655730FD29E4581D008BEA22 /* Spendora */,
				65321D2B29E995B000BA3E93 /* Onboarding */,
				65321D3F29E9965D00BA3E93 /* Utilities */,
				650B9B4329EAA8FF00D144A9 /* SpendoraTest */,
				6525F79E29EDC1C2000768AC /* Authentication */,
			);
		};
/* End PBXProject section */

/* Begin PBXResourcesBuildPhase section */
		650B9B4229EAA8FF00D144A9 /* Resources */ = {
			isa = PBXResourcesBuildPhase;
			buildActionMask = 2147483647;
			files = (
			);
			runOnlyForDeploymentPostprocessing = 0;
		};
		6525F79D29EDC1C2000768AC /* Resources */ = {
			isa = PBXResourcesBuildPhase;
			buildActionMask = 2147483647;
			files = (
				657DA27A29FD44EA00C72CDF /* OTPViewController.xib in Resources */,
				6525F7AB29EDC6F4000768AC /* AuthViewController.xib in Resources */,
			);
			runOnlyForDeploymentPostprocessing = 0;
		};
		65321D2A29E995B000BA3E93 /* Resources */ = {
			isa = PBXResourcesBuildPhase;
			buildActionMask = 2147483647;
			files = (
				65321D7429E99CB000BA3E93 /* Localizable.strings in Resources */,
				65321D6929E99AD100BA3E93 /* FeatureCardView.xib in Resources */,
				65321D6D29E99AD100BA3E93 /* FeaturesViewController.xib in Resources */,
				65321D6B29E99AD100BA3E93 /* OnboardingViewController.xib in Resources */,
				65321D7029E99AD100BA3E93 /* TncPrivacyViewController.xib in Resources */,
			);
			runOnlyForDeploymentPostprocessing = 0;
		};
		65321D3E29E9965D00BA3E93 /* Resources */ = {
			isa = PBXResourcesBuildPhase;
			buildActionMask = 2147483647;
			files = (
				65AC2D7629F2E43B002C6C20 /* CountryTableViewCell.xib in Resources */,
				65AC2D6729F2B9E1002C6C20 /* CountryPickerViewController.xib in Resources */,
				65AC2D6629F2B9D3002C6C20 /* AuthButtonView.xib in Resources */,
				65321D7529E99CB100BA3E93 /* Localizable.strings in Resources */,
				65F1A7B229F5C2DD0024F82F /* NoDataView.xib in Resources */,
			);
			runOnlyForDeploymentPostprocessing = 0;
		};
		655730FC29E4581D008BEA22 /* Resources */ = {
			isa = PBXResourcesBuildPhase;
			buildActionMask = 2147483647;
			files = (
				650231C929E835E700C13139 /* analyzeExpense.json in Resources */,
				6557312729E47320008BEA22 /* Localizable.strings in Resources */,
				657DA27129FCEFAC00C72CDF /* GoogleService-Info.plist in Resources */,
				650231C729E834F300C13139 /* splitExpense.json in Resources */,
				650231B129E7F45600C13139 /* listExpense.json in Resources */,
				6557311129E45822008BEA22 /* LaunchScreen.storyboard in Resources */,
				6557312529E460D9008BEA22 /* finance.json in Resources */,
				6546E0B029F1115B00C89F18 /* country_dial_info.json in Resources */,
				6557310E29E45822008BEA22 /* Assets.xcassets in Resources */,
			);
			runOnlyForDeploymentPostprocessing = 0;
		};
/* End PBXResourcesBuildPhase section */

/* Begin PBXShellScriptBuildPhase section */
		1D2AAE67DFCA7343C11F6249 /* [CP] Check Pods Manifest.lock */ = {
			isa = PBXShellScriptBuildPhase;
			buildActionMask = 2147483647;
			files = (
			);
			inputFileListPaths = (
			);
			inputPaths = (
				"${PODS_PODFILE_DIR_PATH}/Podfile.lock",
				"${PODS_ROOT}/Manifest.lock",
			);
			name = "[CP] Check Pods Manifest.lock";
			outputFileListPaths = (
			);
			outputPaths = (
				"$(DERIVED_FILE_DIR)/Pods-Onboarding-checkManifestLockResult.txt",
			);
			runOnlyForDeploymentPostprocessing = 0;
			shellPath = /bin/sh;
			shellScript = "diff \"${PODS_PODFILE_DIR_PATH}/Podfile.lock\" \"${PODS_ROOT}/Manifest.lock\" > /dev/null\nif [ $? != 0 ] ; then\n    # print error to STDERR\n    echo \"error: The sandbox is not in sync with the Podfile.lock. Run 'pod install' or update your CocoaPods installation.\" >&2\n    exit 1\nfi\n# This output is used by Xcode 'outputs' to avoid re-running this script phase.\necho \"SUCCESS\" > \"${SCRIPT_OUTPUT_FILE_0}\"\n";
			showEnvVarsInLog = 0;
		};
		381F47622281EF984E16BB4C /* [CP] Embed Pods Frameworks */ = {
			isa = PBXShellScriptBuildPhase;
			buildActionMask = 2147483647;
			files = (
			);
			inputFileListPaths = (
			);
			name = "[CP] Embed Pods Frameworks";
			outputFileListPaths = (
			);
			runOnlyForDeploymentPostprocessing = 0;
			shellPath = /bin/sh;
			shellScript = "\"${PODS_ROOT}/Target Support Files/Pods-Spendora/Pods-Spendora-frameworks.sh\"\n";
			showEnvVarsInLog = 0;
		};
		5BB9816BC93350F1D1FE28F1 /* [CP] Check Pods Manifest.lock */ = {
			isa = PBXShellScriptBuildPhase;
			buildActionMask = 2147483647;
			files = (
			);
			inputFileListPaths = (
			);
			inputPaths = (
				"${PODS_PODFILE_DIR_PATH}/Podfile.lock",
				"${PODS_ROOT}/Manifest.lock",
			);
			name = "[CP] Check Pods Manifest.lock";
			outputFileListPaths = (
			);
			outputPaths = (
				"$(DERIVED_FILE_DIR)/Pods-Utilities-checkManifestLockResult.txt",
			);
			runOnlyForDeploymentPostprocessing = 0;
			shellPath = /bin/sh;
			shellScript = "diff \"${PODS_PODFILE_DIR_PATH}/Podfile.lock\" \"${PODS_ROOT}/Manifest.lock\" > /dev/null\nif [ $? != 0 ] ; then\n    # print error to STDERR\n    echo \"error: The sandbox is not in sync with the Podfile.lock. Run 'pod install' or update your CocoaPods installation.\" >&2\n    exit 1\nfi\n# This output is used by Xcode 'outputs' to avoid re-running this script phase.\necho \"SUCCESS\" > \"${SCRIPT_OUTPUT_FILE_0}\"\n";
			showEnvVarsInLog = 0;
		};
		650B9B3F29EAA0BD00D144A9 /* Swiftlint */ = {
			isa = PBXShellScriptBuildPhase;
			buildActionMask = 2147483647;
			files = (
			);
			inputFileListPaths = (
			);
			inputPaths = (
			);
			name = Swiftlint;
			outputFileListPaths = (
			);
			outputPaths = (
			);
			runOnlyForDeploymentPostprocessing = 0;
			shellPath = /bin/sh;
			shellScript = "if [ -z \"$CI\" ]; then\n    \"${PODS_ROOT}/SwiftLint/swiftlint\" lint --strict\nfi\n";
		};
		9CD61C3076D97D9297611CAA /* [CP] Check Pods Manifest.lock */ = {
			isa = PBXShellScriptBuildPhase;
			buildActionMask = 2147483647;
			files = (
			);
			inputFileListPaths = (
			);
			inputPaths = (
				"${PODS_PODFILE_DIR_PATH}/Podfile.lock",
				"${PODS_ROOT}/Manifest.lock",
			);
			name = "[CP] Check Pods Manifest.lock";
			outputFileListPaths = (
			);
			outputPaths = (
				"$(DERIVED_FILE_DIR)/Pods-Spendora-checkManifestLockResult.txt",
			);
			runOnlyForDeploymentPostprocessing = 0;
			shellPath = /bin/sh;
			shellScript = "diff \"${PODS_PODFILE_DIR_PATH}/Podfile.lock\" \"${PODS_ROOT}/Manifest.lock\" > /dev/null\nif [ $? != 0 ] ; then\n    # print error to STDERR\n    echo \"error: The sandbox is not in sync with the Podfile.lock. Run 'pod install' or update your CocoaPods installation.\" >&2\n    exit 1\nfi\n# This output is used by Xcode 'outputs' to avoid re-running this script phase.\necho \"SUCCESS\" > \"${SCRIPT_OUTPUT_FILE_0}\"\n";
			showEnvVarsInLog = 0;
		};
/* End PBXShellScriptBuildPhase section */

/* Begin PBXSourcesBuildPhase section */
		650B9B4029EAA8FF00D144A9 /* Sources */ = {
			isa = PBXSourcesBuildPhase;
			buildActionMask = 2147483647;
			files = (
				650B9B4729EAA8FF00D144A9 /* SpendoraTest.swift in Sources */,
			);
			runOnlyForDeploymentPostprocessing = 0;
		};
		6525F79B29EDC1C2000768AC /* Sources */ = {
			isa = PBXSourcesBuildPhase;
			buildActionMask = 2147483647;
			files = (
				657DA27929FD44EA00C72CDF /* OTPViewController.swift in Sources */,
				6525F7B229EDC729000768AC /* AuthRouter.swift in Sources */,
				6525F7AA29EDC6F4000768AC /* AuthViewController.swift in Sources */,
				6525F7AF29EDC71B000768AC /* AuthPresenter.swift in Sources */,
				6525F7AD29EDC70C000768AC /* AuthBuilder.swift in Sources */,
			);
			runOnlyForDeploymentPostprocessing = 0;
		};
		65321D2829E995B000BA3E93 /* Sources */ = {
			isa = PBXSourcesBuildPhase;
			buildActionMask = 2147483647;
			files = (
				65321D6829E99AD100BA3E93 /* FeatureCardView.swift in Sources */,
				655974E829EC411400C5DE75 /* FeaturesRouter.swift in Sources */,
				655A933629ED8BF7007A201C /* FeatureCardBuilder.swift in Sources */,
				655974E629EC410700C5DE75 /* FeaturesPresenter.swift in Sources */,
				65321D6E29E99AD100BA3E93 /* Module.swift in Sources */,
				65321D6F29E99AD100BA3E93 /* OnboardingViewController.swift in Sources */,
				650B9B3E29EA8C2000D144A9 /* TncPrivacyBuilder.swift in Sources */,
				65321D8129E9A02000BA3E93 /* OnboardingPresenter.swift in Sources */,
				65321D7D29E99EAD00BA3E93 /* OnboardingBuilder.swift in Sources */,
				65321D8329E9A02A00BA3E93 /* OnboardingRouter.swift in Sources */,
				65321D6C29E99AD100BA3E93 /* TncPrivacyViewController.swift in Sources */,
				65321D7129E99AD100BA3E93 /* FeatureModel.swift in Sources */,
				65321D7F29E99F9700BA3E93 /* FeaturesBuilder.swift in Sources */,
				65321D6A29E99AD100BA3E93 /* FeaturesViewController.swift in Sources */,
			);
			runOnlyForDeploymentPostprocessing = 0;
		};
		65321D3C29E9965D00BA3E93 /* Sources */ = {
			isa = PBXSourcesBuildPhase;
			buildActionMask = 2147483647;
			files = (
				65321D5329E9986E00BA3E93 /* UIViewExtension.swift in Sources */,
				650D735A29F556C6004B0E26 /* CountryPickerInteractor.swift in Sources */,
				650D735729F533F8004B0E26 /* LocationManager.swift in Sources */,
				65F1A7B429F5C44A0024F82F /* NoDataViewBuilder.swift in Sources */,
				65AC2D7029F2DC10002C6C20 /* CountryPickerPresenter.swift in Sources */,
				650D735C29F560D8004B0E26 /* CountryPickerRouter.swift in Sources */,
				65F1A7B029F5C2CC0024F82F /* NoDataView.swift in Sources */,
				6546E0C029F2930400C89F18 /* AuthButton.swift in Sources */,
				6546E0C129F2931D00C89F18 /* CountryModel.swift in Sources */,
				65321D5529E998E500BA3E93 /* StringExtension.swift in Sources */,
				65321D7329E99BAE00BA3E93 /* UIViewControllerExtension.swift in Sources */,
				65AC2D6C29F2D5A9002C6C20 /* APIManager.swift in Sources */,
				65321D5829E9992800BA3E93 /* LottieView.swift in Sources */,
				6546E0C329F2933900C89F18 /* CustomButton.swift in Sources */,
				6546E0C429F2933900C89F18 /* CountryPickerViewController.swift in Sources */,
				6546E0C529F2933900C89F18 /* AuthButtonView.swift in Sources */,
				65AC2D6E29F2DC00002C6C20 /* CountryPickerBuilder.swift in Sources */,
				65AC2D7529F2E43B002C6C20 /* CountryTableViewCell.swift in Sources */,
				6546E0AE29F071B200C89F18 /* UIButtonExtension.swift in Sources */,
				657DA27529FCF7C900C72CDF /* AuthManager.swift in Sources */,
				65321D5C29E999FE00BA3E93 /* Constants.swift in Sources */,
				6525F7BB29EDEE9B000768AC /* UIColorExtension.swift in Sources */,
			);
			runOnlyForDeploymentPostprocessing = 0;
		};
		655730FA29E4581D008BEA22 /* Sources */ = {
			isa = PBXSourcesBuildPhase;
			buildActionMask = 2147483647;
			files = (
				6557310C29E4581D008BEA22 /* Spendora.xcdatamodeld in Sources */,
				6557310229E4581D008BEA22 /* AppDelegate.swift in Sources */,
				655A933929EDA28B007A201C /* MainCoordinator.swift in Sources */,
				65321D2629E9950300BA3E93 /* SpendoraAssembler.swift in Sources */,
			);
			runOnlyForDeploymentPostprocessing = 0;
		};
/* End PBXSourcesBuildPhase section */

/* Begin PBXTargetDependency section */
		650B9B4C29EAA96000D144A9 /* PBXTargetDependency */ = {
			isa = PBXTargetDependency;
			target = 655730FD29E4581D008BEA22 /* Spendora */;
			targetProxy = 650B9B4B29EAA96000D144A9 /* PBXContainerItemProxy */;
		};
		6525F7B929EDEBA7000768AC /* PBXTargetDependency */ = {
			isa = PBXTargetDependency;
			target = 6525F79E29EDC1C2000768AC /* Authentication */;
			targetProxy = 6525F7B829EDEBA7000768AC /* PBXContainerItemProxy */;
		};
		6525F7BD29EDEEE9000768AC /* PBXTargetDependency */ = {
			isa = PBXTargetDependency;
			target = 65321D3F29E9965D00BA3E93 /* Utilities */;
			targetProxy = 6525F7BC29EDEEE9000768AC /* PBXContainerItemProxy */;
		};
		65321D3A29E995FC00BA3E93 /* PBXTargetDependency */ = {
			isa = PBXTargetDependency;
			target = 65321D2B29E995B000BA3E93 /* Onboarding */;
			targetProxy = 65321D3929E995FC00BA3E93 /* PBXContainerItemProxy */;
		};
/* End PBXTargetDependency section */

/* Begin PBXVariantGroup section */
		6557310F29E45822008BEA22 /* LaunchScreen.storyboard */ = {
			isa = PBXVariantGroup;
			children = (
				6557311029E45822008BEA22 /* Base */,
			);
			name = LaunchScreen.storyboard;
			sourceTree = "<group>";
		};
/* End PBXVariantGroup section */

/* Begin XCBuildConfiguration section */
		650B9B4929EAA90000D144A9 /* Debug */ = {
			isa = XCBuildConfiguration;
			buildSettings = {
				BUNDLE_LOADER = "$(TEST_HOST)";
				CODE_SIGN_STYLE = Automatic;
				CURRENT_PROJECT_VERSION = 1;
				DEVELOPMENT_TEAM = 59SR2WBZJT;
				GENERATE_INFOPLIST_FILE = YES;
				MACOSX_DEPLOYMENT_TARGET = 13.1;
				MARKETING_VERSION = 1.0;
				PRODUCT_BUNDLE_IDENTIFIER = com.goel.pratik.SpendoraTest;
				PRODUCT_NAME = "$(TARGET_NAME)";
				SDKROOT = macosx;
				SUPPORTED_PLATFORMS = "iphoneos iphonesimulator";
				SUPPORTS_MACCATALYST = NO;
				SUPPORTS_MAC_DESIGNED_FOR_IPHONE_IPAD = NO;
				SWIFT_EMIT_LOC_STRINGS = NO;
				SWIFT_VERSION = 5.0;
				TARGETED_DEVICE_FAMILY = 1;
				TEST_HOST = "$(BUILT_PRODUCTS_DIR)/Spendora.app/$(BUNDLE_EXECUTABLE_FOLDER_PATH)/Spendora";
			};
			name = Debug;
		};
		650B9B4A29EAA90000D144A9 /* Release */ = {
			isa = XCBuildConfiguration;
			buildSettings = {
				BUNDLE_LOADER = "$(TEST_HOST)";
				CODE_SIGN_STYLE = Automatic;
				CURRENT_PROJECT_VERSION = 1;
				DEVELOPMENT_TEAM = 59SR2WBZJT;
				GENERATE_INFOPLIST_FILE = YES;
				MACOSX_DEPLOYMENT_TARGET = 13.1;
				MARKETING_VERSION = 1.0;
				PRODUCT_BUNDLE_IDENTIFIER = com.goel.pratik.SpendoraTest;
				PRODUCT_NAME = "$(TARGET_NAME)";
				SDKROOT = macosx;
				SUPPORTED_PLATFORMS = "iphoneos iphonesimulator";
				SUPPORTS_MACCATALYST = NO;
				SUPPORTS_MAC_DESIGNED_FOR_IPHONE_IPAD = NO;
				SWIFT_EMIT_LOC_STRINGS = NO;
				SWIFT_VERSION = 5.0;
				TARGETED_DEVICE_FAMILY = 1;
				TEST_HOST = "$(BUILT_PRODUCTS_DIR)/Spendora.app/$(BUNDLE_EXECUTABLE_FOLDER_PATH)/Spendora";
			};
			name = Release;
		};
		6525F7A329EDC1C3000768AC /* Debug */ = {
			isa = XCBuildConfiguration;
			buildSettings = {
				CLANG_ENABLE_MODULES = YES;
				CODE_SIGN_STYLE = Automatic;
				COMBINE_HIDPI_IMAGES = YES;
				CURRENT_PROJECT_VERSION = 1;
				DEFINES_MODULE = YES;
				DEVELOPMENT_TEAM = 59SR2WBZJT;
				DYLIB_COMPATIBILITY_VERSION = 1;
				DYLIB_CURRENT_VERSION = 1;
				DYLIB_INSTALL_NAME_BASE = "@rpath";
				GENERATE_INFOPLIST_FILE = YES;
				INFOPLIST_KEY_NSHumanReadableCopyright = "";
				INSTALL_PATH = "$(LOCAL_LIBRARY_DIR)/Frameworks";
				LD_RUNPATH_SEARCH_PATHS = (
					"$(inherited)",
					"@executable_path/../Frameworks",
					"@loader_path/Frameworks",
				);
				MACOSX_DEPLOYMENT_TARGET = 13.1;
				MARKETING_VERSION = 1.0;
				PRODUCT_BUNDLE_IDENTIFIER = com.goel.pratik.Authentication;
				PRODUCT_NAME = "$(TARGET_NAME:c99extidentifier)";
				SDKROOT = macosx;
				SKIP_INSTALL = YES;
				SUPPORTED_PLATFORMS = "iphoneos iphonesimulator";
				SUPPORTS_MACCATALYST = NO;
				SUPPORTS_MAC_DESIGNED_FOR_IPHONE_IPAD = NO;
				SWIFT_EMIT_LOC_STRINGS = YES;
				SWIFT_OPTIMIZATION_LEVEL = "-Onone";
				SWIFT_VERSION = 5.0;
				TARGETED_DEVICE_FAMILY = 1;
				VERSIONING_SYSTEM = "apple-generic";
				VERSION_INFO_PREFIX = "";
			};
			name = Debug;
		};
		6525F7A429EDC1C3000768AC /* Release */ = {
			isa = XCBuildConfiguration;
			buildSettings = {
				CLANG_ENABLE_MODULES = YES;
				CODE_SIGN_STYLE = Automatic;
				COMBINE_HIDPI_IMAGES = YES;
				CURRENT_PROJECT_VERSION = 1;
				DEFINES_MODULE = YES;
				DEVELOPMENT_TEAM = 59SR2WBZJT;
				DYLIB_COMPATIBILITY_VERSION = 1;
				DYLIB_CURRENT_VERSION = 1;
				DYLIB_INSTALL_NAME_BASE = "@rpath";
				GENERATE_INFOPLIST_FILE = YES;
				INFOPLIST_KEY_NSHumanReadableCopyright = "";
				INSTALL_PATH = "$(LOCAL_LIBRARY_DIR)/Frameworks";
				LD_RUNPATH_SEARCH_PATHS = (
					"$(inherited)",
					"@executable_path/../Frameworks",
					"@loader_path/Frameworks",
				);
				MACOSX_DEPLOYMENT_TARGET = 13.1;
				MARKETING_VERSION = 1.0;
				PRODUCT_BUNDLE_IDENTIFIER = com.goel.pratik.Authentication;
				PRODUCT_NAME = "$(TARGET_NAME:c99extidentifier)";
				SDKROOT = macosx;
				SKIP_INSTALL = YES;
				SUPPORTED_PLATFORMS = "iphoneos iphonesimulator";
				SUPPORTS_MACCATALYST = NO;
				SUPPORTS_MAC_DESIGNED_FOR_IPHONE_IPAD = NO;
				SWIFT_EMIT_LOC_STRINGS = YES;
				SWIFT_VERSION = 5.0;
				TARGETED_DEVICE_FAMILY = 1;
				VERSIONING_SYSTEM = "apple-generic";
				VERSION_INFO_PREFIX = "";
			};
			name = Release;
		};
		65321D3129E995B100BA3E93 /* Debug */ = {
			isa = XCBuildConfiguration;
			baseConfigurationReference = 12D962391D00E97B74D98CBF /* Pods-Onboarding.debug.xcconfig */;
			buildSettings = {
				CODE_SIGN_STYLE = Automatic;
				COMBINE_HIDPI_IMAGES = YES;
				CURRENT_PROJECT_VERSION = 1;
				DEFINES_MODULE = YES;
				DEVELOPMENT_TEAM = 59SR2WBZJT;
				DYLIB_COMPATIBILITY_VERSION = 1;
				DYLIB_CURRENT_VERSION = 1;
				DYLIB_INSTALL_NAME_BASE = "@rpath";
				GENERATE_INFOPLIST_FILE = YES;
				INFOPLIST_KEY_NSHumanReadableCopyright = "";
				INSTALL_PATH = "$(LOCAL_LIBRARY_DIR)/Frameworks";
				LD_RUNPATH_SEARCH_PATHS = (
					"$(inherited)",
					"@executable_path/../Frameworks",
					"@loader_path/Frameworks",
				);
				MACOSX_DEPLOYMENT_TARGET = 13.1;
				MARKETING_VERSION = 1.0;
				PRODUCT_BUNDLE_IDENTIFIER = com.goel.pratik.Onboarding;
				PRODUCT_NAME = "$(TARGET_NAME:c99extidentifier)";
				SDKROOT = macosx;
				SKIP_INSTALL = YES;
				SUPPORTED_PLATFORMS = "iphoneos iphonesimulator";
				SUPPORTS_MACCATALYST = NO;
				SUPPORTS_MAC_DESIGNED_FOR_IPHONE_IPAD = NO;
				SWIFT_EMIT_LOC_STRINGS = YES;
				SWIFT_VERSION = 5.0;
				TARGETED_DEVICE_FAMILY = 1;
				VERSIONING_SYSTEM = "apple-generic";
				VERSION_INFO_PREFIX = "";
			};
			name = Debug;
		};
		65321D3229E995B100BA3E93 /* Release */ = {
			isa = XCBuildConfiguration;
			baseConfigurationReference = 9B63E41933628ED23B6A0023 /* Pods-Onboarding.release.xcconfig */;
			buildSettings = {
				CODE_SIGN_STYLE = Automatic;
				COMBINE_HIDPI_IMAGES = YES;
				CURRENT_PROJECT_VERSION = 1;
				DEFINES_MODULE = YES;
				DEVELOPMENT_TEAM = 59SR2WBZJT;
				DYLIB_COMPATIBILITY_VERSION = 1;
				DYLIB_CURRENT_VERSION = 1;
				DYLIB_INSTALL_NAME_BASE = "@rpath";
				GENERATE_INFOPLIST_FILE = YES;
				INFOPLIST_KEY_NSHumanReadableCopyright = "";
				INSTALL_PATH = "$(LOCAL_LIBRARY_DIR)/Frameworks";
				LD_RUNPATH_SEARCH_PATHS = (
					"$(inherited)",
					"@executable_path/../Frameworks",
					"@loader_path/Frameworks",
				);
				MACOSX_DEPLOYMENT_TARGET = 13.1;
				MARKETING_VERSION = 1.0;
				PRODUCT_BUNDLE_IDENTIFIER = com.goel.pratik.Onboarding;
				PRODUCT_NAME = "$(TARGET_NAME:c99extidentifier)";
				SDKROOT = macosx;
				SKIP_INSTALL = YES;
				SUPPORTED_PLATFORMS = "iphoneos iphonesimulator";
				SUPPORTS_MACCATALYST = NO;
				SUPPORTS_MAC_DESIGNED_FOR_IPHONE_IPAD = NO;
				SWIFT_EMIT_LOC_STRINGS = YES;
				SWIFT_VERSION = 5.0;
				TARGETED_DEVICE_FAMILY = 1;
				VERSIONING_SYSTEM = "apple-generic";
				VERSION_INFO_PREFIX = "";
			};
			name = Release;
		};
		65321D4529E9965D00BA3E93 /* Debug */ = {
			isa = XCBuildConfiguration;
			baseConfigurationReference = EF0E91C82DF89ABE435AD420 /* Pods-Utilities.debug.xcconfig */;
			buildSettings = {
				CODE_SIGN_STYLE = Automatic;
				COMBINE_HIDPI_IMAGES = YES;
				CURRENT_PROJECT_VERSION = 1;
				DEFINES_MODULE = YES;
				DEVELOPMENT_TEAM = 59SR2WBZJT;
				DYLIB_COMPATIBILITY_VERSION = 1;
				DYLIB_CURRENT_VERSION = 1;
				DYLIB_INSTALL_NAME_BASE = "@rpath";
				GENERATE_INFOPLIST_FILE = YES;
				INFOPLIST_KEY_NSHumanReadableCopyright = "";
				INSTALL_PATH = "$(LOCAL_LIBRARY_DIR)/Frameworks";
				LD_RUNPATH_SEARCH_PATHS = (
					"$(inherited)",
					"@executable_path/../Frameworks",
					"@loader_path/Frameworks",
				);
				MACOSX_DEPLOYMENT_TARGET = 13.1;
				MARKETING_VERSION = 1.0;
				PRODUCT_BUNDLE_IDENTIFIER = com.goel.pratik.Utilities;
				PRODUCT_NAME = "$(TARGET_NAME:c99extidentifier)";
				SDKROOT = macosx;
				SKIP_INSTALL = YES;
				SUPPORTED_PLATFORMS = "iphoneos iphonesimulator";
				SUPPORTS_MACCATALYST = NO;
				SUPPORTS_MAC_DESIGNED_FOR_IPHONE_IPAD = NO;
				SWIFT_EMIT_LOC_STRINGS = YES;
				SWIFT_VERSION = 5.0;
				TARGETED_DEVICE_FAMILY = 1;
				VERSIONING_SYSTEM = "apple-generic";
				VERSION_INFO_PREFIX = "";
			};
			name = Debug;
		};
		65321D4629E9965D00BA3E93 /* Release */ = {
			isa = XCBuildConfiguration;
			baseConfigurationReference = 1D61246C9A074FCA3E3ED921 /* Pods-Utilities.release.xcconfig */;
			buildSettings = {
				CODE_SIGN_STYLE = Automatic;
				COMBINE_HIDPI_IMAGES = YES;
				CURRENT_PROJECT_VERSION = 1;
				DEFINES_MODULE = YES;
				DEVELOPMENT_TEAM = 59SR2WBZJT;
				DYLIB_COMPATIBILITY_VERSION = 1;
				DYLIB_CURRENT_VERSION = 1;
				DYLIB_INSTALL_NAME_BASE = "@rpath";
				GENERATE_INFOPLIST_FILE = YES;
				INFOPLIST_KEY_NSHumanReadableCopyright = "";
				INSTALL_PATH = "$(LOCAL_LIBRARY_DIR)/Frameworks";
				LD_RUNPATH_SEARCH_PATHS = (
					"$(inherited)",
					"@executable_path/../Frameworks",
					"@loader_path/Frameworks",
				);
				MACOSX_DEPLOYMENT_TARGET = 13.1;
				MARKETING_VERSION = 1.0;
				PRODUCT_BUNDLE_IDENTIFIER = com.goel.pratik.Utilities;
				PRODUCT_NAME = "$(TARGET_NAME:c99extidentifier)";
				SDKROOT = macosx;
				SKIP_INSTALL = YES;
				SUPPORTED_PLATFORMS = "iphoneos iphonesimulator";
				SUPPORTS_MACCATALYST = NO;
				SUPPORTS_MAC_DESIGNED_FOR_IPHONE_IPAD = NO;
				SWIFT_EMIT_LOC_STRINGS = YES;
				SWIFT_VERSION = 5.0;
				TARGETED_DEVICE_FAMILY = 1;
				VERSIONING_SYSTEM = "apple-generic";
				VERSION_INFO_PREFIX = "";
			};
			name = Release;
		};
		6557311329E45822008BEA22 /* Debug */ = {
			isa = XCBuildConfiguration;
			buildSettings = {
				ALWAYS_SEARCH_USER_PATHS = NO;
				CLANG_ANALYZER_NONNULL = YES;
				CLANG_ANALYZER_NUMBER_OBJECT_CONVERSION = YES_AGGRESSIVE;
				CLANG_CXX_LANGUAGE_STANDARD = "gnu++20";
				CLANG_ENABLE_MODULES = YES;
				CLANG_ENABLE_OBJC_ARC = YES;
				CLANG_ENABLE_OBJC_WEAK = YES;
				CLANG_WARN_BLOCK_CAPTURE_AUTORELEASING = YES;
				CLANG_WARN_BOOL_CONVERSION = YES;
				CLANG_WARN_COMMA = YES;
				CLANG_WARN_CONSTANT_CONVERSION = YES;
				CLANG_WARN_DEPRECATED_OBJC_IMPLEMENTATIONS = YES;
				CLANG_WARN_DIRECT_OBJC_ISA_USAGE = YES_ERROR;
				CLANG_WARN_DOCUMENTATION_COMMENTS = YES;
				CLANG_WARN_EMPTY_BODY = YES;
				CLANG_WARN_ENUM_CONVERSION = YES;
				CLANG_WARN_INFINITE_RECURSION = YES;
				CLANG_WARN_INT_CONVERSION = YES;
				CLANG_WARN_NON_LITERAL_NULL_CONVERSION = YES;
				CLANG_WARN_OBJC_IMPLICIT_RETAIN_SELF = YES;
				CLANG_WARN_OBJC_LITERAL_CONVERSION = YES;
				CLANG_WARN_OBJC_ROOT_CLASS = YES_ERROR;
				CLANG_WARN_QUOTED_INCLUDE_IN_FRAMEWORK_HEADER = YES;
				CLANG_WARN_RANGE_LOOP_ANALYSIS = YES;
				CLANG_WARN_STRICT_PROTOTYPES = YES;
				CLANG_WARN_SUSPICIOUS_MOVE = YES;
				CLANG_WARN_UNGUARDED_AVAILABILITY = YES_AGGRESSIVE;
				CLANG_WARN_UNREACHABLE_CODE = YES;
				CLANG_WARN__DUPLICATE_METHOD_MATCH = YES;
				COPY_PHASE_STRIP = NO;
				DEBUG_INFORMATION_FORMAT = dwarf;
				ENABLE_STRICT_OBJC_MSGSEND = YES;
				ENABLE_TESTABILITY = YES;
				GCC_C_LANGUAGE_STANDARD = gnu11;
				GCC_DYNAMIC_NO_PIC = NO;
				GCC_NO_COMMON_BLOCKS = YES;
				GCC_OPTIMIZATION_LEVEL = 0;
				GCC_PREPROCESSOR_DEFINITIONS = (
					"DEBUG=1",
					"$(inherited)",
				);
				GCC_WARN_64_TO_32_BIT_CONVERSION = YES;
				GCC_WARN_ABOUT_RETURN_TYPE = YES_ERROR;
				GCC_WARN_UNDECLARED_SELECTOR = YES;
				GCC_WARN_UNINITIALIZED_AUTOS = YES_AGGRESSIVE;
				GCC_WARN_UNUSED_FUNCTION = YES;
				GCC_WARN_UNUSED_VARIABLE = YES;
				IPHONEOS_DEPLOYMENT_TARGET = 16.2;
				MTL_ENABLE_DEBUG_INFO = INCLUDE_SOURCE;
				MTL_FAST_MATH = YES;
				ONLY_ACTIVE_ARCH = YES;
				SDKROOT = iphoneos;
				SWIFT_ACTIVE_COMPILATION_CONDITIONS = DEBUG;
				SWIFT_OPTIMIZATION_LEVEL = "-Onone";
			};
			name = Debug;
		};
		6557311429E45822008BEA22 /* Release */ = {
			isa = XCBuildConfiguration;
			buildSettings = {
				ALWAYS_SEARCH_USER_PATHS = NO;
				CLANG_ANALYZER_NONNULL = YES;
				CLANG_ANALYZER_NUMBER_OBJECT_CONVERSION = YES_AGGRESSIVE;
				CLANG_CXX_LANGUAGE_STANDARD = "gnu++20";
				CLANG_ENABLE_MODULES = YES;
				CLANG_ENABLE_OBJC_ARC = YES;
				CLANG_ENABLE_OBJC_WEAK = YES;
				CLANG_WARN_BLOCK_CAPTURE_AUTORELEASING = YES;
				CLANG_WARN_BOOL_CONVERSION = YES;
				CLANG_WARN_COMMA = YES;
				CLANG_WARN_CONSTANT_CONVERSION = YES;
				CLANG_WARN_DEPRECATED_OBJC_IMPLEMENTATIONS = YES;
				CLANG_WARN_DIRECT_OBJC_ISA_USAGE = YES_ERROR;
				CLANG_WARN_DOCUMENTATION_COMMENTS = YES;
				CLANG_WARN_EMPTY_BODY = YES;
				CLANG_WARN_ENUM_CONVERSION = YES;
				CLANG_WARN_INFINITE_RECURSION = YES;
				CLANG_WARN_INT_CONVERSION = YES;
				CLANG_WARN_NON_LITERAL_NULL_CONVERSION = YES;
				CLANG_WARN_OBJC_IMPLICIT_RETAIN_SELF = YES;
				CLANG_WARN_OBJC_LITERAL_CONVERSION = YES;
				CLANG_WARN_OBJC_ROOT_CLASS = YES_ERROR;
				CLANG_WARN_QUOTED_INCLUDE_IN_FRAMEWORK_HEADER = YES;
				CLANG_WARN_RANGE_LOOP_ANALYSIS = YES;
				CLANG_WARN_STRICT_PROTOTYPES = YES;
				CLANG_WARN_SUSPICIOUS_MOVE = YES;
				CLANG_WARN_UNGUARDED_AVAILABILITY = YES_AGGRESSIVE;
				CLANG_WARN_UNREACHABLE_CODE = YES;
				CLANG_WARN__DUPLICATE_METHOD_MATCH = YES;
				COPY_PHASE_STRIP = NO;
				DEBUG_INFORMATION_FORMAT = "dwarf-with-dsym";
				ENABLE_NS_ASSERTIONS = NO;
				ENABLE_STRICT_OBJC_MSGSEND = YES;
				GCC_C_LANGUAGE_STANDARD = gnu11;
				GCC_NO_COMMON_BLOCKS = YES;
				GCC_WARN_64_TO_32_BIT_CONVERSION = YES;
				GCC_WARN_ABOUT_RETURN_TYPE = YES_ERROR;
				GCC_WARN_UNDECLARED_SELECTOR = YES;
				GCC_WARN_UNINITIALIZED_AUTOS = YES_AGGRESSIVE;
				GCC_WARN_UNUSED_FUNCTION = YES;
				GCC_WARN_UNUSED_VARIABLE = YES;
				IPHONEOS_DEPLOYMENT_TARGET = 16.2;
				MTL_ENABLE_DEBUG_INFO = NO;
				MTL_FAST_MATH = YES;
				SDKROOT = iphoneos;
				SWIFT_COMPILATION_MODE = wholemodule;
				SWIFT_OPTIMIZATION_LEVEL = "-O";
				VALIDATE_PRODUCT = YES;
			};
			name = Release;
		};
		6557311629E45822008BEA22 /* Debug */ = {
			isa = XCBuildConfiguration;
			baseConfigurationReference = 00172E92B7E1D60695D0CA91 /* Pods-Spendora.debug.xcconfig */;
			buildSettings = {
				ASSETCATALOG_COMPILER_APPICON_NAME = AppIcon;
				ASSETCATALOG_COMPILER_GLOBAL_ACCENT_COLOR_NAME = AccentColor;
				ASSETCATALOG_COMPILER_INCLUDE_ALL_APPICON_ASSETS = NO;
				CODE_SIGN_STYLE = Automatic;
				CURRENT_PROJECT_VERSION = 1;
				DEVELOPMENT_TEAM = 59SR2WBZJT;
				GENERATE_INFOPLIST_FILE = YES;
				INFOPLIST_FILE = Spendora/Info.plist;
				INFOPLIST_KEY_NSLocationWhenInUseUsageDescription = "Allow Spendora to access your location for signing up";
				INFOPLIST_KEY_UIApplicationSupportsIndirectInputEvents = YES;
				INFOPLIST_KEY_UILaunchStoryboardName = LaunchScreen.storyboard;
				INFOPLIST_KEY_UISupportedInterfaceOrientations = UIInterfaceOrientationPortrait;
				INFOPLIST_KEY_UISupportedInterfaceOrientations_iPad = "UIInterfaceOrientationLandscapeLeft UIInterfaceOrientationLandscapeRight UIInterfaceOrientationPortrait UIInterfaceOrientationPortraitUpsideDown";
				LD_RUNPATH_SEARCH_PATHS = (
					"$(inherited)",
					"@executable_path/Frameworks",
				);
				MARKETING_VERSION = 1.0;
				PRODUCT_BUNDLE_IDENTIFIER = com.goel.pratik.Spendora;
				PRODUCT_NAME = "$(TARGET_NAME)";
				SUPPORTED_PLATFORMS = "iphoneos iphonesimulator";
				SUPPORTS_MACCATALYST = NO;
				SUPPORTS_MAC_DESIGNED_FOR_IPHONE_IPAD = NO;
				SWIFT_EMIT_LOC_STRINGS = YES;
				SWIFT_VERSION = 5.0;
				TARGETED_DEVICE_FAMILY = 1;
			};
			name = Debug;
		};
		6557311729E45822008BEA22 /* Release */ = {
			isa = XCBuildConfiguration;
			baseConfigurationReference = C8F09A011EA8D742488E74C9 /* Pods-Spendora.release.xcconfig */;
			buildSettings = {
				ASSETCATALOG_COMPILER_APPICON_NAME = AppIcon;
				ASSETCATALOG_COMPILER_GLOBAL_ACCENT_COLOR_NAME = AccentColor;
				ASSETCATALOG_COMPILER_INCLUDE_ALL_APPICON_ASSETS = NO;
				CODE_SIGN_STYLE = Automatic;
				CURRENT_PROJECT_VERSION = 1;
				DEVELOPMENT_TEAM = 59SR2WBZJT;
				GENERATE_INFOPLIST_FILE = YES;
				INFOPLIST_FILE = Spendora/Info.plist;
				INFOPLIST_KEY_NSLocationWhenInUseUsageDescription = "Allow Spendora to access your location for signing up";
				INFOPLIST_KEY_UIApplicationSupportsIndirectInputEvents = YES;
				INFOPLIST_KEY_UILaunchStoryboardName = LaunchScreen.storyboard;
				INFOPLIST_KEY_UISupportedInterfaceOrientations = UIInterfaceOrientationPortrait;
				INFOPLIST_KEY_UISupportedInterfaceOrientations_iPad = "UIInterfaceOrientationLandscapeLeft UIInterfaceOrientationLandscapeRight UIInterfaceOrientationPortrait UIInterfaceOrientationPortraitUpsideDown";
				LD_RUNPATH_SEARCH_PATHS = (
					"$(inherited)",
					"@executable_path/Frameworks",
				);
				MARKETING_VERSION = 1.0;
				PRODUCT_BUNDLE_IDENTIFIER = com.goel.pratik.Spendora;
				PRODUCT_NAME = "$(TARGET_NAME)";
				SUPPORTED_PLATFORMS = "iphoneos iphonesimulator";
				SUPPORTS_MACCATALYST = NO;
				SUPPORTS_MAC_DESIGNED_FOR_IPHONE_IPAD = NO;
				SWIFT_EMIT_LOC_STRINGS = YES;
				SWIFT_VERSION = 5.0;
				TARGETED_DEVICE_FAMILY = 1;
			};
			name = Release;
		};
/* End XCBuildConfiguration section */

/* Begin XCConfigurationList section */
		650B9B4829EAA90000D144A9 /* Build configuration list for PBXNativeTarget "SpendoraTest" */ = {
			isa = XCConfigurationList;
			buildConfigurations = (
				650B9B4929EAA90000D144A9 /* Debug */,
				650B9B4A29EAA90000D144A9 /* Release */,
			);
			defaultConfigurationIsVisible = 0;
			defaultConfigurationName = Release;
		};
		6525F7A529EDC1C3000768AC /* Build configuration list for PBXNativeTarget "Authentication" */ = {
			isa = XCConfigurationList;
			buildConfigurations = (
				6525F7A329EDC1C3000768AC /* Debug */,
				6525F7A429EDC1C3000768AC /* Release */,
			);
			defaultConfigurationIsVisible = 0;
			defaultConfigurationName = Release;
		};
		65321D3029E995B100BA3E93 /* Build configuration list for PBXNativeTarget "Onboarding" */ = {
			isa = XCConfigurationList;
			buildConfigurations = (
				65321D3129E995B100BA3E93 /* Debug */,
				65321D3229E995B100BA3E93 /* Release */,
			);
			defaultConfigurationIsVisible = 0;
			defaultConfigurationName = Release;
		};
		65321D4429E9965D00BA3E93 /* Build configuration list for PBXNativeTarget "Utilities" */ = {
			isa = XCConfigurationList;
			buildConfigurations = (
				65321D4529E9965D00BA3E93 /* Debug */,
				65321D4629E9965D00BA3E93 /* Release */,
			);
			defaultConfigurationIsVisible = 0;
			defaultConfigurationName = Release;
		};
		655730F929E4581D008BEA22 /* Build configuration list for PBXProject "Spendora" */ = {
			isa = XCConfigurationList;
			buildConfigurations = (
				6557311329E45822008BEA22 /* Debug */,
				6557311429E45822008BEA22 /* Release */,
			);
			defaultConfigurationIsVisible = 0;
			defaultConfigurationName = Release;
		};
		6557311529E45822008BEA22 /* Build configuration list for PBXNativeTarget "Spendora" */ = {
			isa = XCConfigurationList;
			buildConfigurations = (
				6557311629E45822008BEA22 /* Debug */,
				6557311729E45822008BEA22 /* Release */,
			);
			defaultConfigurationIsVisible = 0;
			defaultConfigurationName = Release;
		};
/* End XCConfigurationList section */

/* Begin XCRemoteSwiftPackageReference section */
		6557311D29E45D53008BEA22 /* XCRemoteSwiftPackageReference "lottie-spm" */ = {
			isa = XCRemoteSwiftPackageReference;
			repositoryURL = "https://github.com/airbnb/lottie-spm.git";
			requirement = {
				kind = upToNextMajorVersion;
				minimumVersion = 4.0.0;
			};
		};
/* End XCRemoteSwiftPackageReference section */

/* Begin XCSwiftPackageProductDependency section */
		65321D5A29E9999F00BA3E93 /* Lottie */ = {
			isa = XCSwiftPackageProductDependency;
			package = 6557311D29E45D53008BEA22 /* XCRemoteSwiftPackageReference "lottie-spm" */;
			productName = Lottie;
		};
		6578B2222A02B64B00F81012 /* Lottie */ = {
			isa = XCSwiftPackageProductDependency;
			package = 6557311D29E45D53008BEA22 /* XCRemoteSwiftPackageReference "lottie-spm" */;
			productName = Lottie;
		};
/* End XCSwiftPackageProductDependency section */

/* Begin XCVersionGroup section */
		6557310A29E4581D008BEA22 /* Spendora.xcdatamodeld */ = {
			isa = XCVersionGroup;
			children = (
				6557310B29E4581D008BEA22 /* Spendora.xcdatamodel */,
			);
			currentVersion = 6557310B29E4581D008BEA22 /* Spendora.xcdatamodel */;
			path = Spendora.xcdatamodeld;
			sourceTree = "<group>";
			versionGroupType = wrapper.xcdatamodel;
		};
/* End XCVersionGroup section */
	};
	rootObject = 655730F629E4581D008BEA22 /* Project object */;
}
