// !$*UTF8*$!
{
	archiveVersion = 1;
	classes = {
	};
	objectVersion = 56;
	objects = {

/* Begin PBXBuildFile section */
		650231B129E7F45600C13139 /* listExpense.json in Resources */ = {isa = PBXBuildFile; fileRef = 650231B029E7F45600C13139 /* listExpense.json */; };
		650231B329E7F62D00C13139 /* FeatureModel.swift in Sources */ = {isa = PBXBuildFile; fileRef = 650231B229E7F62D00C13139 /* FeatureModel.swift */; };
		650231B929E80E3300C13139 /* FeatureCardView.swift in Sources */ = {isa = PBXBuildFile; fileRef = 650231B829E80E3300C13139 /* FeatureCardView.swift */; };
		650231BB29E80E3F00C13139 /* FeatureCardView.xib in Resources */ = {isa = PBXBuildFile; fileRef = 650231BA29E80E3F00C13139 /* FeatureCardView.xib */; };
		650231C229E814F900C13139 /* FeaturesViewController.swift in Sources */ = {isa = PBXBuildFile; fileRef = 650231C029E814F900C13139 /* FeaturesViewController.swift */; };
		650231C329E814F900C13139 /* FeaturesViewController.xib in Resources */ = {isa = PBXBuildFile; fileRef = 650231C129E814F900C13139 /* FeaturesViewController.xib */; };
		650231C529E8171C00C13139 /* UIViewExtension.swift in Sources */ = {isa = PBXBuildFile; fileRef = 650231C429E8171C00C13139 /* UIViewExtension.swift */; };
		650231C729E834F300C13139 /* splitExpense.json in Resources */ = {isa = PBXBuildFile; fileRef = 650231C629E834F200C13139 /* splitExpense.json */; };
		650231C929E835E700C13139 /* analyzeExpense.json in Resources */ = {isa = PBXBuildFile; fileRef = 650231C829E835E600C13139 /* analyzeExpense.json */; };
		6557310229E4581D008BEA22 /* AppDelegate.swift in Sources */ = {isa = PBXBuildFile; fileRef = 6557310129E4581D008BEA22 /* AppDelegate.swift */; };
		6557310C29E4581D008BEA22 /* Spendora.xcdatamodeld in Sources */ = {isa = PBXBuildFile; fileRef = 6557310A29E4581D008BEA22 /* Spendora.xcdatamodeld */; };
		6557310E29E45822008BEA22 /* Assets.xcassets in Resources */ = {isa = PBXBuildFile; fileRef = 6557310D29E45822008BEA22 /* Assets.xcassets */; };
		6557311129E45822008BEA22 /* LaunchScreen.storyboard in Resources */ = {isa = PBXBuildFile; fileRef = 6557310F29E45822008BEA22 /* LaunchScreen.storyboard */; };
		6557311B29E45C34008BEA22 /* OnboardingViewController.swift in Sources */ = {isa = PBXBuildFile; fileRef = 6557311929E45C34008BEA22 /* OnboardingViewController.swift */; };
		6557311C29E45C34008BEA22 /* OnboardingViewController.xib in Resources */ = {isa = PBXBuildFile; fileRef = 6557311A29E45C34008BEA22 /* OnboardingViewController.xib */; };
		6557311F29E45D53008BEA22 /* Lottie in Frameworks */ = {isa = PBXBuildFile; productRef = 6557311E29E45D53008BEA22 /* Lottie */; };
		6557312229E45D81008BEA22 /* LottieView.swift in Sources */ = {isa = PBXBuildFile; fileRef = 6557312129E45D81008BEA22 /* LottieView.swift */; };
		6557312529E460D9008BEA22 /* finance.json in Resources */ = {isa = PBXBuildFile; fileRef = 6557312429E460D9008BEA22 /* finance.json */; };
		6557312729E47320008BEA22 /* Localizable.strings in Resources */ = {isa = PBXBuildFile; fileRef = 6557312629E47320008BEA22 /* Localizable.strings */; };
		6557312929E49133008BEA22 /* Module.swift in Sources */ = {isa = PBXBuildFile; fileRef = 6557312829E49133008BEA22 /* Module.swift */; };
		6557312C29E49674008BEA22 /* TncPrivacyViewController.swift in Sources */ = {isa = PBXBuildFile; fileRef = 6557312A29E49673008BEA22 /* TncPrivacyViewController.swift */; };
		6557312D29E49674008BEA22 /* TncPrivacyViewController.xib in Resources */ = {isa = PBXBuildFile; fileRef = 6557312B29E49673008BEA22 /* TncPrivacyViewController.xib */; };
		6562EF9629E7D96C00D6E1D5 /* Constants.swift in Sources */ = {isa = PBXBuildFile; fileRef = 6562EF9529E7D96C00D6E1D5 /* Constants.swift */; };
		6562EF9929E7DAF500D6E1D5 /* UIViewControllerExtension.swift in Sources */ = {isa = PBXBuildFile; fileRef = 6562EF9829E7DAF500D6E1D5 /* UIViewControllerExtension.swift */; };
		6562EF9B29E7E12800D6E1D5 /* StringExtension.swift in Sources */ = {isa = PBXBuildFile; fileRef = 6562EF9A29E7E12800D6E1D5 /* StringExtension.swift */; };
/* End PBXBuildFile section */

/* Begin PBXFileReference section */
		650231B029E7F45600C13139 /* listExpense.json */ = {isa = PBXFileReference; fileEncoding = 4; lastKnownFileType = text.json; path = listExpense.json; sourceTree = "<group>"; };
		650231B229E7F62D00C13139 /* FeatureModel.swift */ = {isa = PBXFileReference; lastKnownFileType = sourcecode.swift; path = FeatureModel.swift; sourceTree = "<group>"; };
		650231B829E80E3300C13139 /* FeatureCardView.swift */ = {isa = PBXFileReference; lastKnownFileType = sourcecode.swift; path = FeatureCardView.swift; sourceTree = "<group>"; };
		650231BA29E80E3F00C13139 /* FeatureCardView.xib */ = {isa = PBXFileReference; lastKnownFileType = file.xib; path = FeatureCardView.xib; sourceTree = "<group>"; };
		650231C029E814F900C13139 /* FeaturesViewController.swift */ = {isa = PBXFileReference; lastKnownFileType = sourcecode.swift; path = FeaturesViewController.swift; sourceTree = "<group>"; };
		650231C129E814F900C13139 /* FeaturesViewController.xib */ = {isa = PBXFileReference; lastKnownFileType = file.xib; path = FeaturesViewController.xib; sourceTree = "<group>"; };
		650231C429E8171C00C13139 /* UIViewExtension.swift */ = {isa = PBXFileReference; lastKnownFileType = sourcecode.swift; path = UIViewExtension.swift; sourceTree = "<group>"; };
		650231C629E834F200C13139 /* splitExpense.json */ = {isa = PBXFileReference; fileEncoding = 4; lastKnownFileType = text.json; path = splitExpense.json; sourceTree = "<group>"; };
		650231C829E835E600C13139 /* analyzeExpense.json */ = {isa = PBXFileReference; fileEncoding = 4; lastKnownFileType = text.json; path = analyzeExpense.json; sourceTree = "<group>"; };
		655730FE29E4581D008BEA22 /* Spendora.app */ = {isa = PBXFileReference; explicitFileType = wrapper.application; includeInIndex = 0; path = Spendora.app; sourceTree = BUILT_PRODUCTS_DIR; };
		6557310129E4581D008BEA22 /* AppDelegate.swift */ = {isa = PBXFileReference; lastKnownFileType = sourcecode.swift; path = AppDelegate.swift; sourceTree = "<group>"; };
		6557310B29E4581D008BEA22 /* Spendora.xcdatamodel */ = {isa = PBXFileReference; lastKnownFileType = wrapper.xcdatamodel; path = Spendora.xcdatamodel; sourceTree = "<group>"; };
		6557310D29E45822008BEA22 /* Assets.xcassets */ = {isa = PBXFileReference; lastKnownFileType = folder.assetcatalog; path = Assets.xcassets; sourceTree = "<group>"; };
		6557311029E45822008BEA22 /* Base */ = {isa = PBXFileReference; lastKnownFileType = file.storyboard; name = Base; path = Base.lproj/LaunchScreen.storyboard; sourceTree = "<group>"; };
		6557311229E45822008BEA22 /* Info.plist */ = {isa = PBXFileReference; lastKnownFileType = text.plist.xml; path = Info.plist; sourceTree = "<group>"; };
		6557311929E45C34008BEA22 /* OnboardingViewController.swift */ = {isa = PBXFileReference; lastKnownFileType = sourcecode.swift; path = OnboardingViewController.swift; sourceTree = "<group>"; };
		6557311A29E45C34008BEA22 /* OnboardingViewController.xib */ = {isa = PBXFileReference; lastKnownFileType = file.xib; path = OnboardingViewController.xib; sourceTree = "<group>"; };
		6557312129E45D81008BEA22 /* LottieView.swift */ = {isa = PBXFileReference; lastKnownFileType = sourcecode.swift; path = LottieView.swift; sourceTree = "<group>"; };
		6557312429E460D9008BEA22 /* finance.json */ = {isa = PBXFileReference; fileEncoding = 4; lastKnownFileType = text.json; path = finance.json; sourceTree = "<group>"; };
		6557312629E47320008BEA22 /* Localizable.strings */ = {isa = PBXFileReference; lastKnownFileType = text.plist.strings; path = Localizable.strings; sourceTree = "<group>"; };
		6557312829E49133008BEA22 /* Module.swift */ = {isa = PBXFileReference; lastKnownFileType = sourcecode.swift; path = Module.swift; sourceTree = "<group>"; };
		6557312A29E49673008BEA22 /* TncPrivacyViewController.swift */ = {isa = PBXFileReference; lastKnownFileType = sourcecode.swift; path = TncPrivacyViewController.swift; sourceTree = "<group>"; };
		6557312B29E49673008BEA22 /* TncPrivacyViewController.xib */ = {isa = PBXFileReference; lastKnownFileType = file.xib; path = TncPrivacyViewController.xib; sourceTree = "<group>"; };
		6562EF9529E7D96C00D6E1D5 /* Constants.swift */ = {isa = PBXFileReference; lastKnownFileType = sourcecode.swift; path = Constants.swift; sourceTree = "<group>"; };
		6562EF9829E7DAF500D6E1D5 /* UIViewControllerExtension.swift */ = {isa = PBXFileReference; lastKnownFileType = sourcecode.swift; path = UIViewControllerExtension.swift; sourceTree = "<group>"; };
		6562EF9A29E7E12800D6E1D5 /* StringExtension.swift */ = {isa = PBXFileReference; lastKnownFileType = sourcecode.swift; path = StringExtension.swift; sourceTree = "<group>"; };
/* End PBXFileReference section */

/* Begin PBXFrameworksBuildPhase section */
		655730FB29E4581D008BEA22 /* Frameworks */ = {
			isa = PBXFrameworksBuildPhase;
			buildActionMask = 2147483647;
			files = (
				6557311F29E45D53008BEA22 /* Lottie in Frameworks */,
			);
			runOnlyForDeploymentPostprocessing = 0;
		};
/* End PBXFrameworksBuildPhase section */

/* Begin PBXGroup section */
		655730F529E4581D008BEA22 = {
			isa = PBXGroup;
			children = (
				6557310029E4581D008BEA22 /* Spendora */,
				655730FF29E4581D008BEA22 /* Products */,
			);
			sourceTree = "<group>";
		};
		655730FF29E4581D008BEA22 /* Products */ = {
			isa = PBXGroup;
			children = (
				655730FE29E4581D008BEA22 /* Spendora.app */,
			);
			name = Products;
			sourceTree = "<group>";
		};
		6557310029E4581D008BEA22 /* Spendora */ = {
			isa = PBXGroup;
			children = (
				6562EF9729E7DADF00D6E1D5 /* Extensions */,
				6557312329E460C9008BEA22 /* AnimationAssets */,
				6557312029E45D60008BEA22 /* LottieView */,
				6557311829E45A6A008BEA22 /* Onboarding */,
				6557310129E4581D008BEA22 /* AppDelegate.swift */,
				6557310D29E45822008BEA22 /* Assets.xcassets */,
				6557310F29E45822008BEA22 /* LaunchScreen.storyboard */,
				6557311229E45822008BEA22 /* Info.plist */,
				6557310A29E4581D008BEA22 /* Spendora.xcdatamodeld */,
				6557312629E47320008BEA22 /* Localizable.strings */,
				6562EF9529E7D96C00D6E1D5 /* Constants.swift */,
			);
			path = Spendora;
			sourceTree = "<group>";
		};
		6557311829E45A6A008BEA22 /* Onboarding */ = {
			isa = PBXGroup;
			children = (
				6557311929E45C34008BEA22 /* OnboardingViewController.swift */,
				6557311A29E45C34008BEA22 /* OnboardingViewController.xib */,
				6557312829E49133008BEA22 /* Module.swift */,
				6557312A29E49673008BEA22 /* TncPrivacyViewController.swift */,
				6557312B29E49673008BEA22 /* TncPrivacyViewController.xib */,
				650231B229E7F62D00C13139 /* FeatureModel.swift */,
				650231B829E80E3300C13139 /* FeatureCardView.swift */,
				650231BA29E80E3F00C13139 /* FeatureCardView.xib */,
				650231C029E814F900C13139 /* FeaturesViewController.swift */,
				650231C129E814F900C13139 /* FeaturesViewController.xib */,
			);
			path = Onboarding;
			sourceTree = "<group>";
		};
		6557312029E45D60008BEA22 /* LottieView */ = {
			isa = PBXGroup;
			children = (
				6557312129E45D81008BEA22 /* LottieView.swift */,
			);
			path = LottieView;
			sourceTree = "<group>";
		};
		6557312329E460C9008BEA22 /* AnimationAssets */ = {
			isa = PBXGroup;
			children = (
				6557312429E460D9008BEA22 /* finance.json */,
				650231B029E7F45600C13139 /* listExpense.json */,
				650231C629E834F200C13139 /* splitExpense.json */,
				650231C829E835E600C13139 /* analyzeExpense.json */,
			);
			path = AnimationAssets;
			sourceTree = "<group>";
		};
		6562EF9729E7DADF00D6E1D5 /* Extensions */ = {
			isa = PBXGroup;
			children = (
				6562EF9829E7DAF500D6E1D5 /* UIViewControllerExtension.swift */,
				6562EF9A29E7E12800D6E1D5 /* StringExtension.swift */,
				650231C429E8171C00C13139 /* UIViewExtension.swift */,
			);
			path = Extensions;
			sourceTree = "<group>";
		};
/* End PBXGroup section */

/* Begin PBXNativeTarget section */
		655730FD29E4581D008BEA22 /* Spendora */ = {
			isa = PBXNativeTarget;
			buildConfigurationList = 6557311529E45822008BEA22 /* Build configuration list for PBXNativeTarget "Spendora" */;
			buildPhases = (
				655730FA29E4581D008BEA22 /* Sources */,
				655730FB29E4581D008BEA22 /* Frameworks */,
				655730FC29E4581D008BEA22 /* Resources */,
			);
			buildRules = (
			);
			dependencies = (
			);
			name = Spendora;
			packageProductDependencies = (
				6557311E29E45D53008BEA22 /* Lottie */,
			);
			productName = Spendora;
			productReference = 655730FE29E4581D008BEA22 /* Spendora.app */;
			productType = "com.apple.product-type.application";
		};
/* End PBXNativeTarget section */

/* Begin PBXProject section */
		655730F629E4581D008BEA22 /* Project object */ = {
			isa = PBXProject;
			attributes = {
				BuildIndependentTargetsInParallel = 1;
				LastSwiftUpdateCheck = 1420;
				LastUpgradeCheck = 1420;
				TargetAttributes = {
					655730FD29E4581D008BEA22 = {
						CreatedOnToolsVersion = 14.2;
					};
				};
			};
			buildConfigurationList = 655730F929E4581D008BEA22 /* Build configuration list for PBXProject "Spendora" */;
			compatibilityVersion = "Xcode 14.0";
			developmentRegion = en;
			hasScannedForEncodings = 0;
			knownRegions = (
				en,
				Base,
			);
			mainGroup = 655730F529E4581D008BEA22;
			packageReferences = (
				6557311D29E45D53008BEA22 /* XCRemoteSwiftPackageReference "lottie-spm" */,
			);
			productRefGroup = 655730FF29E4581D008BEA22 /* Products */;
			projectDirPath = "";
			projectRoot = "";
			targets = (
				655730FD29E4581D008BEA22 /* Spendora */,
			);
		};
/* End PBXProject section */

/* Begin PBXResourcesBuildPhase section */
		655730FC29E4581D008BEA22 /* Resources */ = {
			isa = PBXResourcesBuildPhase;
			buildActionMask = 2147483647;
			files = (
				650231C929E835E700C13139 /* analyzeExpense.json in Resources */,
				6557312729E47320008BEA22 /* Localizable.strings in Resources */,
				650231C329E814F900C13139 /* FeaturesViewController.xib in Resources */,
				6557312D29E49674008BEA22 /* TncPrivacyViewController.xib in Resources */,
				650231C729E834F300C13139 /* splitExpense.json in Resources */,
				650231B129E7F45600C13139 /* listExpense.json in Resources */,
				6557311129E45822008BEA22 /* LaunchScreen.storyboard in Resources */,
				6557312529E460D9008BEA22 /* finance.json in Resources */,
				650231BB29E80E3F00C13139 /* FeatureCardView.xib in Resources */,
				6557310E29E45822008BEA22 /* Assets.xcassets in Resources */,
				6557311C29E45C34008BEA22 /* OnboardingViewController.xib in Resources */,
			);
			runOnlyForDeploymentPostprocessing = 0;
		};
/* End PBXResourcesBuildPhase section */

/* Begin PBXSourcesBuildPhase section */
		655730FA29E4581D008BEA22 /* Sources */ = {
			isa = PBXSourcesBuildPhase;
			buildActionMask = 2147483647;
			files = (
				650231C529E8171C00C13139 /* UIViewExtension.swift in Sources */,
				6557310C29E4581D008BEA22 /* Spendora.xcdatamodeld in Sources */,
				650231B929E80E3300C13139 /* FeatureCardView.swift in Sources */,
				6557312C29E49674008BEA22 /* TncPrivacyViewController.swift in Sources */,
				6557311B29E45C34008BEA22 /* OnboardingViewController.swift in Sources */,
				6557310229E4581D008BEA22 /* AppDelegate.swift in Sources */,
				6562EF9929E7DAF500D6E1D5 /* UIViewControllerExtension.swift in Sources */,
				6562EF9B29E7E12800D6E1D5 /* StringExtension.swift in Sources */,
				6562EF9629E7D96C00D6E1D5 /* Constants.swift in Sources */,
				6557312929E49133008BEA22 /* Module.swift in Sources */,
				650231C229E814F900C13139 /* FeaturesViewController.swift in Sources */,
				6557312229E45D81008BEA22 /* LottieView.swift in Sources */,
				650231B329E7F62D00C13139 /* FeatureModel.swift in Sources */,
			);
			runOnlyForDeploymentPostprocessing = 0;
		};
/* End PBXSourcesBuildPhase section */

/* Begin PBXVariantGroup section */
		6557310F29E45822008BEA22 /* LaunchScreen.storyboard */ = {
			isa = PBXVariantGroup;
			children = (
				6557311029E45822008BEA22 /* Base */,
			);
			name = LaunchScreen.storyboard;
			sourceTree = "<group>";
		};
/* End PBXVariantGroup section */

/* Begin XCBuildConfiguration section */
		6557311329E45822008BEA22 /* Debug */ = {
			isa = XCBuildConfiguration;
			buildSettings = {
				ALWAYS_SEARCH_USER_PATHS = NO;
				CLANG_ANALYZER_NONNULL = YES;
				CLANG_ANALYZER_NUMBER_OBJECT_CONVERSION = YES_AGGRESSIVE;
				CLANG_CXX_LANGUAGE_STANDARD = "gnu++20";
				CLANG_ENABLE_MODULES = YES;
				CLANG_ENABLE_OBJC_ARC = YES;
				CLANG_ENABLE_OBJC_WEAK = YES;
				CLANG_WARN_BLOCK_CAPTURE_AUTORELEASING = YES;
				CLANG_WARN_BOOL_CONVERSION = YES;
				CLANG_WARN_COMMA = YES;
				CLANG_WARN_CONSTANT_CONVERSION = YES;
				CLANG_WARN_DEPRECATED_OBJC_IMPLEMENTATIONS = YES;
				CLANG_WARN_DIRECT_OBJC_ISA_USAGE = YES_ERROR;
				CLANG_WARN_DOCUMENTATION_COMMENTS = YES;
				CLANG_WARN_EMPTY_BODY = YES;
				CLANG_WARN_ENUM_CONVERSION = YES;
				CLANG_WARN_INFINITE_RECURSION = YES;
				CLANG_WARN_INT_CONVERSION = YES;
				CLANG_WARN_NON_LITERAL_NULL_CONVERSION = YES;
				CLANG_WARN_OBJC_IMPLICIT_RETAIN_SELF = YES;
				CLANG_WARN_OBJC_LITERAL_CONVERSION = YES;
				CLANG_WARN_OBJC_ROOT_CLASS = YES_ERROR;
				CLANG_WARN_QUOTED_INCLUDE_IN_FRAMEWORK_HEADER = YES;
				CLANG_WARN_RANGE_LOOP_ANALYSIS = YES;
				CLANG_WARN_STRICT_PROTOTYPES = YES;
				CLANG_WARN_SUSPICIOUS_MOVE = YES;
				CLANG_WARN_UNGUARDED_AVAILABILITY = YES_AGGRESSIVE;
				CLANG_WARN_UNREACHABLE_CODE = YES;
				CLANG_WARN__DUPLICATE_METHOD_MATCH = YES;
				COPY_PHASE_STRIP = NO;
				DEBUG_INFORMATION_FORMAT = dwarf;
				ENABLE_STRICT_OBJC_MSGSEND = YES;
				ENABLE_TESTABILITY = YES;
				GCC_C_LANGUAGE_STANDARD = gnu11;
				GCC_DYNAMIC_NO_PIC = NO;
				GCC_NO_COMMON_BLOCKS = YES;
				GCC_OPTIMIZATION_LEVEL = 0;
				GCC_PREPROCESSOR_DEFINITIONS = (
					"DEBUG=1",
					"$(inherited)",
				);
				GCC_WARN_64_TO_32_BIT_CONVERSION = YES;
				GCC_WARN_ABOUT_RETURN_TYPE = YES_ERROR;
				GCC_WARN_UNDECLARED_SELECTOR = YES;
				GCC_WARN_UNINITIALIZED_AUTOS = YES_AGGRESSIVE;
				GCC_WARN_UNUSED_FUNCTION = YES;
				GCC_WARN_UNUSED_VARIABLE = YES;
				IPHONEOS_DEPLOYMENT_TARGET = 16.2;
				MTL_ENABLE_DEBUG_INFO = INCLUDE_SOURCE;
				MTL_FAST_MATH = YES;
				ONLY_ACTIVE_ARCH = YES;
				SDKROOT = iphoneos;
				SWIFT_ACTIVE_COMPILATION_CONDITIONS = DEBUG;
				SWIFT_OPTIMIZATION_LEVEL = "-Onone";
			};
			name = Debug;
		};
		6557311429E45822008BEA22 /* Release */ = {
			isa = XCBuildConfiguration;
			buildSettings = {
				ALWAYS_SEARCH_USER_PATHS = NO;
				CLANG_ANALYZER_NONNULL = YES;
				CLANG_ANALYZER_NUMBER_OBJECT_CONVERSION = YES_AGGRESSIVE;
				CLANG_CXX_LANGUAGE_STANDARD = "gnu++20";
				CLANG_ENABLE_MODULES = YES;
				CLANG_ENABLE_OBJC_ARC = YES;
				CLANG_ENABLE_OBJC_WEAK = YES;
				CLANG_WARN_BLOCK_CAPTURE_AUTORELEASING = YES;
				CLANG_WARN_BOOL_CONVERSION = YES;
				CLANG_WARN_COMMA = YES;
				CLANG_WARN_CONSTANT_CONVERSION = YES;
				CLANG_WARN_DEPRECATED_OBJC_IMPLEMENTATIONS = YES;
				CLANG_WARN_DIRECT_OBJC_ISA_USAGE = YES_ERROR;
				CLANG_WARN_DOCUMENTATION_COMMENTS = YES;
				CLANG_WARN_EMPTY_BODY = YES;
				CLANG_WARN_ENUM_CONVERSION = YES;
				CLANG_WARN_INFINITE_RECURSION = YES;
				CLANG_WARN_INT_CONVERSION = YES;
				CLANG_WARN_NON_LITERAL_NULL_CONVERSION = YES;
				CLANG_WARN_OBJC_IMPLICIT_RETAIN_SELF = YES;
				CLANG_WARN_OBJC_LITERAL_CONVERSION = YES;
				CLANG_WARN_OBJC_ROOT_CLASS = YES_ERROR;
				CLANG_WARN_QUOTED_INCLUDE_IN_FRAMEWORK_HEADER = YES;
				CLANG_WARN_RANGE_LOOP_ANALYSIS = YES;
				CLANG_WARN_STRICT_PROTOTYPES = YES;
				CLANG_WARN_SUSPICIOUS_MOVE = YES;
				CLANG_WARN_UNGUARDED_AVAILABILITY = YES_AGGRESSIVE;
				CLANG_WARN_UNREACHABLE_CODE = YES;
				CLANG_WARN__DUPLICATE_METHOD_MATCH = YES;
				COPY_PHASE_STRIP = NO;
				DEBUG_INFORMATION_FORMAT = "dwarf-with-dsym";
				ENABLE_NS_ASSERTIONS = NO;
				ENABLE_STRICT_OBJC_MSGSEND = YES;
				GCC_C_LANGUAGE_STANDARD = gnu11;
				GCC_NO_COMMON_BLOCKS = YES;
				GCC_WARN_64_TO_32_BIT_CONVERSION = YES;
				GCC_WARN_ABOUT_RETURN_TYPE = YES_ERROR;
				GCC_WARN_UNDECLARED_SELECTOR = YES;
				GCC_WARN_UNINITIALIZED_AUTOS = YES_AGGRESSIVE;
				GCC_WARN_UNUSED_FUNCTION = YES;
				GCC_WARN_UNUSED_VARIABLE = YES;
				IPHONEOS_DEPLOYMENT_TARGET = 16.2;
				MTL_ENABLE_DEBUG_INFO = NO;
				MTL_FAST_MATH = YES;
				SDKROOT = iphoneos;
				SWIFT_COMPILATION_MODE = wholemodule;
				SWIFT_OPTIMIZATION_LEVEL = "-O";
				VALIDATE_PRODUCT = YES;
			};
			name = Release;
		};
		6557311629E45822008BEA22 /* Debug */ = {
			isa = XCBuildConfiguration;
			buildSettings = {
				ASSETCATALOG_COMPILER_APPICON_NAME = AppIcon;
				ASSETCATALOG_COMPILER_GLOBAL_ACCENT_COLOR_NAME = AccentColor;
				CODE_SIGN_STYLE = Automatic;
				CURRENT_PROJECT_VERSION = 1;
				DEVELOPMENT_TEAM = 59SR2WBZJT;
				GENERATE_INFOPLIST_FILE = YES;
				INFOPLIST_FILE = Spendora/Info.plist;
				INFOPLIST_KEY_UIApplicationSupportsIndirectInputEvents = YES;
				INFOPLIST_KEY_UILaunchStoryboardName = LaunchScreen;
				INFOPLIST_KEY_UISupportedInterfaceOrientations_iPad = "UIInterfaceOrientationPortrait UIInterfaceOrientationPortraitUpsideDown UIInterfaceOrientationLandscapeLeft UIInterfaceOrientationLandscapeRight";
				INFOPLIST_KEY_UISupportedInterfaceOrientations_iPhone = "UIInterfaceOrientationPortrait UIInterfaceOrientationLandscapeLeft UIInterfaceOrientationLandscapeRight";
				LD_RUNPATH_SEARCH_PATHS = (
					"$(inherited)",
					"@executable_path/Frameworks",
				);
				MARKETING_VERSION = 1.0;
				PRODUCT_BUNDLE_IDENTIFIER = com.goel.pratik.Spendora;
				PRODUCT_NAME = "$(TARGET_NAME)";
				SWIFT_EMIT_LOC_STRINGS = YES;
				SWIFT_VERSION = 5.0;
				TARGETED_DEVICE_FAMILY = "1,2";
			};
			name = Debug;
		};
		6557311729E45822008BEA22 /* Release */ = {
			isa = XCBuildConfiguration;
			buildSettings = {
				ASSETCATALOG_COMPILER_APPICON_NAME = AppIcon;
				ASSETCATALOG_COMPILER_GLOBAL_ACCENT_COLOR_NAME = AccentColor;
				CODE_SIGN_STYLE = Automatic;
				CURRENT_PROJECT_VERSION = 1;
				DEVELOPMENT_TEAM = 59SR2WBZJT;
				GENERATE_INFOPLIST_FILE = YES;
				INFOPLIST_FILE = Spendora/Info.plist;
				INFOPLIST_KEY_UIApplicationSupportsIndirectInputEvents = YES;
				INFOPLIST_KEY_UILaunchStoryboardName = LaunchScreen;
				INFOPLIST_KEY_UISupportedInterfaceOrientations_iPad = "UIInterfaceOrientationPortrait UIInterfaceOrientationPortraitUpsideDown UIInterfaceOrientationLandscapeLeft UIInterfaceOrientationLandscapeRight";
				INFOPLIST_KEY_UISupportedInterfaceOrientations_iPhone = "UIInterfaceOrientationPortrait UIInterfaceOrientationLandscapeLeft UIInterfaceOrientationLandscapeRight";
				LD_RUNPATH_SEARCH_PATHS = (
					"$(inherited)",
					"@executable_path/Frameworks",
				);
				MARKETING_VERSION = 1.0;
				PRODUCT_BUNDLE_IDENTIFIER = com.goel.pratik.Spendora;
				PRODUCT_NAME = "$(TARGET_NAME)";
				SWIFT_EMIT_LOC_STRINGS = YES;
				SWIFT_VERSION = 5.0;
				TARGETED_DEVICE_FAMILY = "1,2";
			};
			name = Release;
		};
/* End XCBuildConfiguration section */

/* Begin XCConfigurationList section */
		655730F929E4581D008BEA22 /* Build configuration list for PBXProject "Spendora" */ = {
			isa = XCConfigurationList;
			buildConfigurations = (
				6557311329E45822008BEA22 /* Debug */,
				6557311429E45822008BEA22 /* Release */,
			);
			defaultConfigurationIsVisible = 0;
			defaultConfigurationName = Release;
		};
		6557311529E45822008BEA22 /* Build configuration list for PBXNativeTarget "Spendora" */ = {
			isa = XCConfigurationList;
			buildConfigurations = (
				6557311629E45822008BEA22 /* Debug */,
				6557311729E45822008BEA22 /* Release */,
			);
			defaultConfigurationIsVisible = 0;
			defaultConfigurationName = Release;
		};
/* End XCConfigurationList section */

/* Begin XCRemoteSwiftPackageReference section */
		6557311D29E45D53008BEA22 /* XCRemoteSwiftPackageReference "lottie-spm" */ = {
			isa = XCRemoteSwiftPackageReference;
			repositoryURL = "https://github.com/airbnb/lottie-spm.git";
			requirement = {
				kind = upToNextMajorVersion;
				minimumVersion = 4.0.0;
			};
		};
/* End XCRemoteSwiftPackageReference section */

/* Begin XCSwiftPackageProductDependency section */
		6557311E29E45D53008BEA22 /* Lottie */ = {
			isa = XCSwiftPackageProductDependency;
			package = 6557311D29E45D53008BEA22 /* XCRemoteSwiftPackageReference "lottie-spm" */;
			productName = Lottie;
		};
/* End XCSwiftPackageProductDependency section */

/* Begin XCVersionGroup section */
		6557310A29E4581D008BEA22 /* Spendora.xcdatamodeld */ = {
			isa = XCVersionGroup;
			children = (
				6557310B29E4581D008BEA22 /* Spendora.xcdatamodel */,
			);
			currentVersion = 6557310B29E4581D008BEA22 /* Spendora.xcdatamodel */;
			path = Spendora.xcdatamodeld;
			sourceTree = "<group>";
			versionGroupType = wrapper.xcdatamodel;
		};
/* End XCVersionGroup section */
	};
	rootObject = 655730F629E4581D008BEA22 /* Project object */;
}
