{
  "originHash" : "eadd4d47643307fbfe3f3f0f3c6a78f02c0e87f7bfc9699596cc83f23ffea924",
  "pins" : [
    {
      "identity" : "dotlottie-ios",
      "kind" : "remoteSourceControl",
      "location" : "https://github.com/LottieFiles/dotlottie-ios",
      "state" : {
        "branch" : "main",
        "revision" : "1f46c4786abe02a0a2f70c79d97e08105f363964"
      }
    },
    {
      "identity" : "swiftycrop",
      "kind" : "remoteSourceControl",
      "location" : "https://github.com/benedom/SwiftyCrop",
      "state" : {
        "branch" : "master",
        "revision" : "a19a108defb7c728523ab0f153b9249014680afd"
      }
    }
  ],
  "version" : 3
}
